// !$*UTF8*$!
{
	archiveVersion = 1;
	classes = {
	};
	objectVersion = 50;
	objects = {

/* Begin PBXBuildFile section */
		35197EC825768B71009D5F0A /* _155_Min_Stack.m in Sources */ = {isa = PBXBuildFile; fileRef = 35197EC725768B71009D5F0A /* _155_Min_Stack.m */; };
		35197ECC2577065E009D5F0A /* _239_Sliding_Window_Maximum.m in Sources */ = {isa = PBXBuildFile; fileRef = 35197ECB2577065E009D5F0A /* _239_Sliding_Window_Maximum.m */; };
		3545A4B4258EFA9100604654 /* _218_The_Skyline_Problem.m in Sources */ = {isa = PBXBuildFile; fileRef = 3545A4B3258EFA9100604654 /* _218_The_Skyline_Problem.m */; };
		3545A511258F3CB700604654 /* _378_KthSmallestElementinaSortedMatrix.m in Sources */ = {isa = PBXBuildFile; fileRef = 3545A510258F3CB700604654 /* _378_KthSmallestElementinaSortedMatrix.m */; };
		3564FE55254E4A4800230505 /* BinarySearch.m in Sources */ = {isa = PBXBuildFile; fileRef = 3564FE54254E4A4800230505 /* BinarySearch.m */; };
		3564FE59254E5E2600230505 /* MergeSort.m in Sources */ = {isa = PBXBuildFile; fileRef = 3564FE58254E5E2600230505 /* MergeSort.m */; };
		3564FE5D254E719500230505 /* QuickSort.m in Sources */ = {isa = PBXBuildFile; fileRef = 3564FE5C254E719500230505 /* QuickSort.m */; };
		35836D2425452C7F006A1BF3 /* BubbleSort2.m in Sources */ = {isa = PBXBuildFile; fileRef = 35836D2325452C7F006A1BF3 /* BubbleSort2.m */; };
		35836D2C25452CD8006A1BF3 /* Sort.m in Sources */ = {isa = PBXBuildFile; fileRef = 35836D2B25452CD8006A1BF3 /* Sort.m */; };
		3586A3FC2545632300CD2C61 /* BubbleSort3.m in Sources */ = {isa = PBXBuildFile; fileRef = 3586A3FB2545632300CD2C61 /* BubbleSort3.m */; };
		35C9B1F9257C708A00CF3899 /* _72_Edit_Distance.m in Sources */ = {isa = PBXBuildFile; fileRef = 35C9B1F8257C708A00CF3899 /* _72_Edit_Distance.m */; };
		35C9B1FD257C906B00CF3899 /* _322_Coin_Change.m in Sources */ = {isa = PBXBuildFile; fileRef = 35C9B1FC257C906B00CF3899 /* _322_Coin_Change.m */; };
		35CF22312543E2910044632E /* BubbleSort1.m in Sources */ = {isa = PBXBuildFile; fileRef = 35CF22302543E2910044632E /* BubbleSort1.m */; };
		37018B8D257F5D0700EA658E /* _283_Move_Zeroes.m in Sources */ = {isa = PBXBuildFile; fileRef = 37018B8C257F5D0700EA658E /* _283_Move_Zeroes.m */; };
		370E302B25550C86007FC789 /* UnionFind.m in Sources */ = {isa = PBXBuildFile; fileRef = 370E301B25550C86007FC789 /* UnionFind.m */; };
		370E302C25550C86007FC789 /* UnionFind_QU_Size.m in Sources */ = {isa = PBXBuildFile; fileRef = 370E301D25550C86007FC789 /* UnionFind_QU_Size.m */; };
		370E302D25550C86007FC789 /* UnionFind_QU_Rank_Path.m in Sources */ = {isa = PBXBuildFile; fileRef = 370E301E25550C86007FC789 /* UnionFind_QU_Rank_Path.m */; };
		370E302E25550C86007FC789 /* UnionFind_QU_Rank_Path_Split.m in Sources */ = {isa = PBXBuildFile; fileRef = 370E301F25550C86007FC789 /* UnionFind_QU_Rank_Path_Split.m */; };
		370E302F25550C86007FC789 /* UnionFind_QU_Rank.m in Sources */ = {isa = PBXBuildFile; fileRef = 370E302025550C86007FC789 /* UnionFind_QU_Rank.m */; };
		370E303025550C86007FC789 /* UnionFind_QF.m in Sources */ = {isa = PBXBuildFile; fileRef = 370E302125550C86007FC789 /* UnionFind_QF.m */; };
		370E303125550C86007FC789 /* UnionFind_QU_Rank_Path_Halving.m in Sources */ = {isa = PBXBuildFile; fileRef = 370E302225550C86007FC789 /* UnionFind_QU_Rank_Path_Halving.m */; };
		370E303225550C86007FC789 /* UnionFind_QU.m in Sources */ = {isa = PBXBuildFile; fileRef = 370E302425550C86007FC789 /* UnionFind_QU.m */; };
		370E306625556C3F007FC789 /* _394_Decode_String.m in Sources */ = {isa = PBXBuildFile; fileRef = 370E306525556C3F007FC789 /* _394_Decode_String.m */; };
		3721397125667DBA00739C1D /* _23_Merge_k_Sorted_Lists.m in Sources */ = {isa = PBXBuildFile; fileRef = 3721397025667DBA00739C1D /* _23_Merge_k_Sorted_Lists.m */; };
		373632CA25413C7C0039E4A6 /* 3_LongestSubstringWithoutRepeatingCharacters.m in Sources */ = {isa = PBXBuildFile; fileRef = 373632C925413C7C0039E4A6 /* 3_LongestSubstringWithoutRepeatingCharacters.m */; };
		3736330725419FB20039E4A6 /* 8_StringtoInteger.m in Sources */ = {isa = PBXBuildFile; fileRef = 3736330625419FB20039E4A6 /* 8_StringtoInteger.m */; };
		373B97B82591B4C100054150 /* _153_FindMinimuminRotatedSortedArray.m in Sources */ = {isa = PBXBuildFile; fileRef = 373B97B72591B4C100054150 /* _153_FindMinimuminRotatedSortedArray.m */; };
		373EA00A259203A900B22510 /* _347_TopKFrequentElements.m in Sources */ = {isa = PBXBuildFile; fileRef = 373EA009259203A900B22510 /* _347_TopKFrequentElements.m */; };
		373EA00F25920C3B00B22510 /* BinaryHeap.m in Sources */ = {isa = PBXBuildFile; fileRef = 373EA00E25920C3B00B22510 /* BinaryHeap.m */; };
		3743DDD1258C602600E7880F /* _53_MaximumSubarray.m in Sources */ = {isa = PBXBuildFile; fileRef = 3743DDD0258C602600E7880F /* _53_MaximumSubarray.m */; };
		3743DDD6258C68DD00E7880F /* _300_Longest_Increasing_Subsequence.m in Sources */ = {isa = PBXBuildFile; fileRef = 3743DDD5258C68DD00E7880F /* _300_Longest_Increasing_Subsequence.m */; };
		3757DD80257B46FE000AE195 /* _Offer_47_Max_value_Of_Gift.m in Sources */ = {isa = PBXBuildFile; fileRef = 3757DD7F257B46FE000AE195 /* _Offer_47_Max_value_Of_Gift.m */; };
		375921FC255FED470055F16E /* _42_Trapping_Rain_Water.m in Sources */ = {isa = PBXBuildFile; fileRef = 375921FB255FED470055F16E /* _42_Trapping_Rain_Water.m */; };
		37667170257BB0320034C561 /* _121_Best_Time_to_Buy_and_Sell_Stock.m in Sources */ = {isa = PBXBuildFile; fileRef = 3766716F257BB0320034C561 /* _121_Best_Time_to_Buy_and_Sell_Stock.m */; };
		376CB64E257E5BCD00CF90F5 /* _22_GenerateParentheses.m in Sources */ = {isa = PBXBuildFile; fileRef = 376CB64D257E5BCD00CF90F5 /* _22_GenerateParentheses.m */; };
		376CB655257E604B00CF90F5 /* _17_LetterCombinationsofaPhoneNumber.m in Sources */ = {isa = PBXBuildFile; fileRef = 376CB654257E604B00CF90F5 /* _17_LetterCombinationsofaPhoneNumber.m */; };
		3776CDCA2546DA70003C8105 /* 1_TwoSums.m in Sources */ = {isa = PBXBuildFile; fileRef = 3776CDC92546DA70003C8105 /* 1_TwoSums.m */; };
		3776CDCF2546EF5E003C8105 /* 149_Max_Points_on_a_Line.m in Sources */ = {isa = PBXBuildFile; fileRef = 3776CDCE2546EF5E003C8105 /* 149_Max_Points_on_a_Line.m */; };
		3776CDD32547CC4C003C8105 /* 146_LRU_Cache.m in Sources */ = {isa = PBXBuildFile; fileRef = 3776CDD22547CC4B003C8105 /* 146_LRU_Cache.m */; };
		37898B0B259D78D200688E37 /* _200_NumberofIslands.m in Sources */ = {isa = PBXBuildFile; fileRef = 37898B0A259D78D200688E37 /* _200_NumberofIslands.m */; };
		378C998B2549112D00B64B92 /* HeapSort.m in Sources */ = {isa = PBXBuildFile; fileRef = 378C998A2549112D00B64B92 /* HeapSort.m */; };
		378C99AE254925FD00B64B92 /* SelectSort.m in Sources */ = {isa = PBXBuildFile; fileRef = 378C99AD254925FD00B64B92 /* SelectSort.m */; };
		378C9F5A254ACC5800B64B92 /* 380_Insert_Delete_GetRandom.m in Sources */ = {isa = PBXBuildFile; fileRef = 378C9F59254ACC5800B64B92 /* 380_Insert_Delete_GetRandom.m */; };
		378C9FA3254BC40500B64B92 /* 75_Sort_Colors.m in Sources */ = {isa = PBXBuildFile; fileRef = 378C9FA2254BC40500B64B92 /* 75_Sort_Colors.m */; };
		378C9FAF254C1E3000B64B92 /* InsertSort.m in Sources */ = {isa = PBXBuildFile; fileRef = 378C9FAE254C1E3000B64B92 /* InsertSort.m */; };
		3790F9EE257891D900B2701E /* _739_DailyTeampreture.m in Sources */ = {isa = PBXBuildFile; fileRef = 3790F9ED257891D900B2701E /* _739_DailyTeampreture.m */; };
		3790F9F225789C9200B2701E /* MyStack.m in Sources */ = {isa = PBXBuildFile; fileRef = 3790F9F125789C9200B2701E /* MyStack.m */; };
		3790F9F725789D2200B2701E /* MyQueue.m in Sources */ = {isa = PBXBuildFile; fileRef = 3790F9F625789D2200B2701E /* MyQueue.m */; };
		3790F9FB2578A38B00B2701E /* _01_09_String_Rotation_LCCI.m in Sources */ = {isa = PBXBuildFile; fileRef = 3790F9FA2578A38B00B2701E /* _01_09_String_Rotation_LCCI.m */; };
		3790F9FF2578BA5C00B2701E /* _572_Subtree_of_Another_Tree.m in Sources */ = {isa = PBXBuildFile; fileRef = 3790F9FE2578BA5C00B2701E /* _572_Subtree_of_Another_Tree.m */; };
		3790FA032578BCE200B2701E /* MyBTNode.m in Sources */ = {isa = PBXBuildFile; fileRef = 3790FA022578BCE200B2701E /* MyBTNode.m */; };
		3790FA212579DC3500B2701E /* _151_Reverse_Words_in_a_String.m in Sources */ = {isa = PBXBuildFile; fileRef = 3790FA202579DC3500B2701E /* _151_Reverse_Words_in_a_String.m */; };
		3790FA252579EEBC00B2701E /* _242_Valid_Anagram.m in Sources */ = {isa = PBXBuildFile; fileRef = 3790FA242579EEBC00B2701E /* _242_Valid_Anagram.m */; };
		37A4DBC425679CF80010C9C9 /* _46_Permutations.m in Sources */ = {isa = PBXBuildFile; fileRef = 37A4DBC325679CF80010C9C9 /* _46_Permutations.m */; };
		37A6E0BD257FADC100FAB7DD /* Offer_62_LastRemaining_in_Circle.m in Sources */ = {isa = PBXBuildFile; fileRef = 37A6E0BC257FADC100FAB7DD /* Offer_62_LastRemaining_in_Circle.m */; };
		37A6E0C1257FB08800FAB7DD /* _50_My_Pow.m in Sources */ = {isa = PBXBuildFile; fileRef = 37A6E0C0257FB08800FAB7DD /* _50_My_Pow.m */; };
		37A6E0C52580717300FAB7DD /* _54_Spiral_Matrix.m in Sources */ = {isa = PBXBuildFile; fileRef = 37A6E0C42580717300FAB7DD /* _54_Spiral_Matrix.m */; };
		37A6E0C9258079F000FAB7DD /* _7_Reverse_Integer.m in Sources */ = {isa = PBXBuildFile; fileRef = 37A6E0C8258079F000FAB7DD /* _7_Reverse_Integer.m */; };
		37A79D7E255B9AE30025A043 /* _179_Largest_Number.m in Sources */ = {isa = PBXBuildFile; fileRef = 37A79D7D255B9AE30025A043 /* _179_Largest_Number.m */; };
		37A79D82255C09690025A043 /* _109_Convert_Sorted_List_to_Binary_Search_Tree.m in Sources */ = {isa = PBXBuildFile; fileRef = 37A79D81255C09690025A043 /* _109_Convert_Sorted_List_to_Binary_Search_Tree.m */; };
		37A79D86255C10C10025A043 /* _108_Convert_Sorted_Array_to_Binary_Search_Tree.m in Sources */ = {isa = PBXBuildFile; fileRef = 37A79D85255C10C10025A043 /* _108_Convert_Sorted_Array_to_Binary_Search_Tree.m */; };
		37A79D8A255D19BD0025A043 /* _160_Intersection_of_Two_Linked_Lists.m in Sources */ = {isa = PBXBuildFile; fileRef = 37A79D89255D19BD0025A043 /* _160_Intersection_of_Two_Linked_Lists.m */; };
		37A79D91255D6AF00025A043 /* BinaryTree.m in Sources */ = {isa = PBXBuildFile; fileRef = 37A79D90255D6AF00025A043 /* BinaryTree.m */; };
		37A8F7982599828E00F44465 /* _191_Number_of_1_Bits.m in Sources */ = {isa = PBXBuildFile; fileRef = 37A8F7972599828E00F44465 /* _191_Number_of_1_Bits.m */; };
		37A8F7BB2599984E00F44465 /* _190_Reverse_Bits.m in Sources */ = {isa = PBXBuildFile; fileRef = 37A8F7BA2599984E00F44465 /* _190_Reverse_Bits.m */; };
		37A8F7D2259AE28600F44465 /* _73_Set_Matrix_Zeroes.m in Sources */ = {isa = PBXBuildFile; fileRef = 37A8F7D1259AE28600F44465 /* _73_Set_Matrix_Zeroes.m */; };
		37C1EF3C2574EDE7002346A9 /* _16_16Sub_Sort_LCCI.m in Sources */ = {isa = PBXBuildFile; fileRef = 37C1EF3B2574EDE7002346A9 /* _16_16Sub_Sort_LCCI.m */; };
		37C1EF6125751B22002346A9 /* _51_N-Queens.m in Sources */ = {isa = PBXBuildFile; fileRef = 37C1EF6025751B22002346A9 /* _51_N-Queens.m */; };
		37C1EF6625760199002346A9 /* _86_Partition_List.m in Sources */ = {isa = PBXBuildFile; fileRef = 37C1EF6525760199002346A9 /* _86_Partition_List.m */; };
		37C75B5825400B96006564C1 /* 15_ThreeSum.m in Sources */ = {isa = PBXBuildFile; fileRef = 37C75B5725400B96006564C1 /* 15_ThreeSum.m */; };
		37CF43862538357900CBBDEF /* AppDelegate.m in Sources */ = {isa = PBXBuildFile; fileRef = 37CF43852538357900CBBDEF /* AppDelegate.m */; };
		37CF43892538357900CBBDEF /* SceneDelegate.m in Sources */ = {isa = PBXBuildFile; fileRef = 37CF43882538357900CBBDEF /* SceneDelegate.m */; };
		37CF438C2538357900CBBDEF /* ViewController.m in Sources */ = {isa = PBXBuildFile; fileRef = 37CF438B2538357900CBBDEF /* ViewController.m */; };
		37CF438F2538357900CBBDEF /* Main.storyboard in Resources */ = {isa = PBXBuildFile; fileRef = 37CF438D2538357900CBBDEF /* Main.storyboard */; };
		37CF43912538357A00CBBDEF /* Assets.xcassets in Resources */ = {isa = PBXBuildFile; fileRef = 37CF43902538357A00CBBDEF /* Assets.xcassets */; };
		37CF43942538357A00CBBDEF /* LaunchScreen.storyboard in Resources */ = {isa = PBXBuildFile; fileRef = 37CF43922538357A00CBBDEF /* LaunchScreen.storyboard */; };
		37CF43972538357A00CBBDEF /* main.m in Sources */ = {isa = PBXBuildFile; fileRef = 37CF43962538357A00CBBDEF /* main.m */; };
		37CF43C22538362700CBBDEF /* 4_MedianofTwoSortedArrays.c in Sources */ = {isa = PBXBuildFile; fileRef = 37CF43A32538362700CBBDEF /* 4_MedianofTwoSortedArrays.c */; };
		37CF43C32538362700CBBDEF /* ListNode_C.c in Sources */ = {isa = PBXBuildFile; fileRef = 37CF43A82538362700CBBDEF /* ListNode_C.c */; };
		37CF43C42538362700CBBDEF /* 2_AddTwoNumbers.c in Sources */ = {isa = PBXBuildFile; fileRef = 37CF43AF2538362700CBBDEF /* 2_AddTwoNumbers.c */; };
		37CF43C52538362700CBBDEF /* 19_RemoveNthNodeFromEndofList.c in Sources */ = {isa = PBXBuildFile; fileRef = 37CF43B02538362700CBBDEF /* 19_RemoveNthNodeFromEndofList.c */; };
		37CF43C62538362700CBBDEF /* 141_LinkedListCycle.c in Sources */ = {isa = PBXBuildFile; fileRef = 37CF43B12538362700CBBDEF /* 141_LinkedListCycle.c */; };
		37CF43C72538362700CBBDEF /* 237_DeleteNodeinLinkedList.c in Sources */ = {isa = PBXBuildFile; fileRef = 37CF43B22538362700CBBDEF /* 237_DeleteNodeinLinkedList.c */; };
		37CF43C82538362700CBBDEF /* 21_MergeTwoSortedList.c in Sources */ = {isa = PBXBuildFile; fileRef = 37CF43B32538362700CBBDEF /* 21_MergeTwoSortedList.c */; };
		37CF43C92538362700CBBDEF /* 82_RemoveDuplicatesfromSortedList2.c in Sources */ = {isa = PBXBuildFile; fileRef = 37CF43B42538362700CBBDEF /* 82_RemoveDuplicatesfromSortedList2.c */; };
		37CF43CA2538362700CBBDEF /* 203_RemoveLinkedListElements.c in Sources */ = {isa = PBXBuildFile; fileRef = 37CF43B62538362700CBBDEF /* 203_RemoveLinkedListElements.c */; };
		37CF43CB2538362700CBBDEF /* 61_RotateList.c in Sources */ = {isa = PBXBuildFile; fileRef = 37CF43B72538362700CBBDEF /* 61_RotateList.c */; };
		37CF43CC2538362700CBBDEF /* 206_ReverseLinkedList.c in Sources */ = {isa = PBXBuildFile; fileRef = 37CF43B82538362700CBBDEF /* 206_ReverseLinkedList.c */; };
		37CF43CD2538362700CBBDEF /* 5_LongestPalindromicSubstring.c in Sources */ = {isa = PBXBuildFile; fileRef = 37CF43BB2538362700CBBDEF /* 5_LongestPalindromicSubstring.c */; };
		37CF43CE2538362700CBBDEF /* 1002_Find_Common_Characters.c in Sources */ = {isa = PBXBuildFile; fileRef = 37CF43BC2538362700CBBDEF /* 1002_Find_Common_Characters.c */; };
		37CF43CF2538362700CBBDEF /* 20_ValidParentheses.c in Sources */ = {isa = PBXBuildFile; fileRef = 37CF43C02538362700CBBDEF /* 20_ValidParentheses.c */; };
		37CF441B253838EC00CBBDEF /* 70_ClimbingStairs.c in Sources */ = {isa = PBXBuildFile; fileRef = 37CF441A253838EC00CBBDEF /* 70_ClimbingStairs.c */; };
		37D01C66255A3764007B297E /* _232_Implement_Queue_using_Stacks.m in Sources */ = {isa = PBXBuildFile; fileRef = 37D01C65255A3764007B297E /* _232_Implement_Queue_using_Stacks.m */; };
		37D01C6A255A405F007B297E /* _225_Implement_Stack_using_Queues.m in Sources */ = {isa = PBXBuildFile; fileRef = 37D01C69255A405F007B297E /* _225_Implement_Stack_using_Queues.m */; };
		37D01D4E255A866D007B297E /* _768_Max_Chunks_To_Make_Sorted2.m in Sources */ = {isa = PBXBuildFile; fileRef = 37D01D4D255A866D007B297E /* _768_Max_Chunks_To_Make_Sorted2.m */; };
		37D01D52255AB80C007B297E /* _24_Swap_Nodes_in_Pairs.m in Sources */ = {isa = PBXBuildFile; fileRef = 37D01D51255AB80C007B297E /* _24_Swap_Nodes_in_Pairs.m */; };
		37D01D56255AC458007B297E /* _234_Palindrome_Linked_List.m in Sources */ = {isa = PBXBuildFile; fileRef = 37D01D55255AC458007B297E /* _234_Palindrome_Linked_List.m */; };
		37EBD7A4254FAAD600D726A5 /* 28_Implement_strStr.m in Sources */ = {isa = PBXBuildFile; fileRef = 37EBD7A3254FAAD600D726A5 /* 28_Implement_strStr.m */; };
		37EBD8D625503B6200D726A5 /* 66_Plus_One.m in Sources */ = {isa = PBXBuildFile; fileRef = 37EBD8D525503B6200D726A5 /* 66_Plus_One.m */; };
		37EBD8DA2550FE9D00D726A5 /* _821_Shortest_Distance_to_a_Character.m in Sources */ = {isa = PBXBuildFile; fileRef = 37EBD8D92550FE9C00D726A5 /* _821_Shortest_Distance_to_a_Character.m */; };
		37EBD9252551846800D726A5 /* ShellSort.m in Sources */ = {isa = PBXBuildFile; fileRef = 37EBD9242551846800D726A5 /* ShellSort.m */; };
		37EBD92A2551894000D726A5 /* 01.png in Resources */ = {isa = PBXBuildFile; fileRef = 37EBD9292551894000D726A5 /* 01.png */; };
		37EBD94D2553A64600D726A5 /* _1381_Design_a_Stack_With_Increment_Operation.m in Sources */ = {isa = PBXBuildFile; fileRef = 37EBD94C2553A64600D726A5 /* _1381_Design_a_Stack_With_Increment_Operation.m */; };
		37EBD9512553D0B700D726A5 /* _167_TwoSum_2.m in Sources */ = {isa = PBXBuildFile; fileRef = 37EBD9502553D0B700D726A5 /* _167_TwoSum_2.m */; };
		37EBD9552553D2FD00D726A5 /* _344_Reverse_String.m in Sources */ = {isa = PBXBuildFile; fileRef = 37EBD9542553D2FD00D726A5 /* _344_Reverse_String.m */; };
		37EBD95A2553DACD00D726A5 /* _876_Middle_of_the_Linked_List.m in Sources */ = {isa = PBXBuildFile; fileRef = 37EBD9592553DACD00D726A5 /* _876_Middle_of_the_Linked_List.m */; };
		37F850CC259764E600BF6B61 /* _148_Sort_List.m in Sources */ = {isa = PBXBuildFile; fileRef = 37F850CB259764E600BF6B61 /* _148_Sort_List.m */; };
		37FDFE6D2580BFFA006F8540 /* _252_MeetingRoom.m in Sources */ = {isa = PBXBuildFile; fileRef = 37FDFE6C2580BFFA006F8540 /* _252_MeetingRoom.m */; };
		37FDFE712580C78B006F8540 /* _253_MeetingRoom_2.m in Sources */ = {isa = PBXBuildFile; fileRef = 37FDFE702580C78B006F8540 /* _253_MeetingRoom_2.m */; };
		37FDFE942581F2A8006F8540 /* _11_ContainerWithMostWater.m in Sources */ = {isa = PBXBuildFile; fileRef = 37FDFE932581F2A8006F8540 /* _11_ContainerWithMostWater.m */; };
/* End PBXBuildFile section */

/* Begin PBXFileReference section */
		35197EC625768B71009D5F0A /* _155_Min_Stack.h */ = {isa = PBXFileReference; lastKnownFileType = sourcecode.c.h; path = _155_Min_Stack.h; sourceTree = "<group>"; };
		35197EC725768B71009D5F0A /* _155_Min_Stack.m */ = {isa = PBXFileReference; lastKnownFileType = sourcecode.c.objc; path = _155_Min_Stack.m; sourceTree = "<group>"; };
		35197ECA2577065E009D5F0A /* _239_Sliding_Window_Maximum.h */ = {isa = PBXFileReference; lastKnownFileType = sourcecode.c.h; path = _239_Sliding_Window_Maximum.h; sourceTree = "<group>"; };
		35197ECB2577065E009D5F0A /* _239_Sliding_Window_Maximum.m */ = {isa = PBXFileReference; lastKnownFileType = sourcecode.c.objc; path = _239_Sliding_Window_Maximum.m; sourceTree = "<group>"; };
		3545A4B2258EFA9100604654 /* _218_The_Skyline_Problem.h */ = {isa = PBXFileReference; lastKnownFileType = sourcecode.c.h; path = _218_The_Skyline_Problem.h; sourceTree = "<group>"; };
		3545A4B3258EFA9100604654 /* _218_The_Skyline_Problem.m */ = {isa = PBXFileReference; lastKnownFileType = sourcecode.c.objc; path = _218_The_Skyline_Problem.m; sourceTree = "<group>"; };
		3545A50F258F3CB700604654 /* _378_KthSmallestElementinaSortedMatrix.h */ = {isa = PBXFileReference; lastKnownFileType = sourcecode.c.h; path = _378_KthSmallestElementinaSortedMatrix.h; sourceTree = "<group>"; };
		3545A510258F3CB700604654 /* _378_KthSmallestElementinaSortedMatrix.m */ = {isa = PBXFileReference; lastKnownFileType = sourcecode.c.objc; path = _378_KthSmallestElementinaSortedMatrix.m; sourceTree = "<group>"; };
		3564FE53254E4A4800230505 /* BinarySearch.h */ = {isa = PBXFileReference; lastKnownFileType = sourcecode.c.h; path = BinarySearch.h; sourceTree = "<group>"; };
		3564FE54254E4A4800230505 /* BinarySearch.m */ = {isa = PBXFileReference; lastKnownFileType = sourcecode.c.objc; path = BinarySearch.m; sourceTree = "<group>"; };
		3564FE57254E5E2600230505 /* MergeSort.h */ = {isa = PBXFileReference; lastKnownFileType = sourcecode.c.h; path = MergeSort.h; sourceTree = "<group>"; };
		3564FE58254E5E2600230505 /* MergeSort.m */ = {isa = PBXFileReference; lastKnownFileType = sourcecode.c.objc; path = MergeSort.m; sourceTree = "<group>"; };
		3564FE5B254E719500230505 /* QuickSort.h */ = {isa = PBXFileReference; lastKnownFileType = sourcecode.c.h; path = QuickSort.h; sourceTree = "<group>"; };
		3564FE5C254E719500230505 /* QuickSort.m */ = {isa = PBXFileReference; lastKnownFileType = sourcecode.c.objc; path = QuickSort.m; sourceTree = "<group>"; };
		35836D2225452C7F006A1BF3 /* BubbleSort2.h */ = {isa = PBXFileReference; lastKnownFileType = sourcecode.c.h; path = BubbleSort2.h; sourceTree = "<group>"; };
		35836D2325452C7F006A1BF3 /* BubbleSort2.m */ = {isa = PBXFileReference; lastKnownFileType = sourcecode.c.objc; path = BubbleSort2.m; sourceTree = "<group>"; };
		35836D2A25452CD8006A1BF3 /* Sort.h */ = {isa = PBXFileReference; lastKnownFileType = sourcecode.c.h; path = Sort.h; sourceTree = "<group>"; };
		35836D2B25452CD8006A1BF3 /* Sort.m */ = {isa = PBXFileReference; lastKnownFileType = sourcecode.c.objc; path = Sort.m; sourceTree = "<group>"; };
		3586A3FA2545632300CD2C61 /* BubbleSort3.h */ = {isa = PBXFileReference; lastKnownFileType = sourcecode.c.h; path = BubbleSort3.h; sourceTree = "<group>"; };
		3586A3FB2545632300CD2C61 /* BubbleSort3.m */ = {isa = PBXFileReference; lastKnownFileType = sourcecode.c.objc; path = BubbleSort3.m; sourceTree = "<group>"; };
		35C9B1F7257C708A00CF3899 /* _72_Edit_Distance.h */ = {isa = PBXFileReference; lastKnownFileType = sourcecode.c.h; path = _72_Edit_Distance.h; sourceTree = "<group>"; };
		35C9B1F8257C708A00CF3899 /* _72_Edit_Distance.m */ = {isa = PBXFileReference; lastKnownFileType = sourcecode.c.objc; path = _72_Edit_Distance.m; sourceTree = "<group>"; };
		35C9B1FB257C906B00CF3899 /* _322_Coin_Change.h */ = {isa = PBXFileReference; lastKnownFileType = sourcecode.c.h; path = _322_Coin_Change.h; sourceTree = "<group>"; };
		35C9B1FC257C906B00CF3899 /* _322_Coin_Change.m */ = {isa = PBXFileReference; lastKnownFileType = sourcecode.c.objc; path = _322_Coin_Change.m; sourceTree = "<group>"; };
		35CF222F2543E2910044632E /* BubbleSort1.h */ = {isa = PBXFileReference; lastKnownFileType = sourcecode.c.h; path = BubbleSort1.h; sourceTree = "<group>"; };
		35CF22302543E2910044632E /* BubbleSort1.m */ = {isa = PBXFileReference; lastKnownFileType = sourcecode.c.objc; path = BubbleSort1.m; sourceTree = "<group>"; };
		37018B8B257F5D0700EA658E /* _283_Move_Zeroes.h */ = {isa = PBXFileReference; lastKnownFileType = sourcecode.c.h; path = _283_Move_Zeroes.h; sourceTree = "<group>"; };
		37018B8C257F5D0700EA658E /* _283_Move_Zeroes.m */ = {isa = PBXFileReference; lastKnownFileType = sourcecode.c.objc; path = _283_Move_Zeroes.m; sourceTree = "<group>"; };
		370E301B25550C86007FC789 /* UnionFind.m */ = {isa = PBXFileReference; fileEncoding = 4; lastKnownFileType = sourcecode.c.objc; path = UnionFind.m; sourceTree = "<group>"; };
		370E301C25550C86007FC789 /* UnionFind_QU.h */ = {isa = PBXFileReference; fileEncoding = 4; lastKnownFileType = sourcecode.c.h; path = UnionFind_QU.h; sourceTree = "<group>"; };
		370E301D25550C86007FC789 /* UnionFind_QU_Size.m */ = {isa = PBXFileReference; fileEncoding = 4; lastKnownFileType = sourcecode.c.objc; path = UnionFind_QU_Size.m; sourceTree = "<group>"; };
		370E301E25550C86007FC789 /* UnionFind_QU_Rank_Path.m */ = {isa = PBXFileReference; fileEncoding = 4; lastKnownFileType = sourcecode.c.objc; path = UnionFind_QU_Rank_Path.m; sourceTree = "<group>"; };
		370E301F25550C86007FC789 /* UnionFind_QU_Rank_Path_Split.m */ = {isa = PBXFileReference; fileEncoding = 4; lastKnownFileType = sourcecode.c.objc; path = UnionFind_QU_Rank_Path_Split.m; sourceTree = "<group>"; };
		370E302025550C86007FC789 /* UnionFind_QU_Rank.m */ = {isa = PBXFileReference; fileEncoding = 4; lastKnownFileType = sourcecode.c.objc; path = UnionFind_QU_Rank.m; sourceTree = "<group>"; };
		370E302125550C86007FC789 /* UnionFind_QF.m */ = {isa = PBXFileReference; fileEncoding = 4; lastKnownFileType = sourcecode.c.objc; path = UnionFind_QF.m; sourceTree = "<group>"; };
		370E302225550C86007FC789 /* UnionFind_QU_Rank_Path_Halving.m */ = {isa = PBXFileReference; fileEncoding = 4; lastKnownFileType = sourcecode.c.objc; path = UnionFind_QU_Rank_Path_Halving.m; sourceTree = "<group>"; };
		370E302325550C86007FC789 /* UnionFind.h */ = {isa = PBXFileReference; fileEncoding = 4; lastKnownFileType = sourcecode.c.h; path = UnionFind.h; sourceTree = "<group>"; };
		370E302425550C86007FC789 /* UnionFind_QU.m */ = {isa = PBXFileReference; fileEncoding = 4; lastKnownFileType = sourcecode.c.objc; path = UnionFind_QU.m; sourceTree = "<group>"; };
		370E302525550C86007FC789 /* UnionFind_QU_Rank_Path.h */ = {isa = PBXFileReference; fileEncoding = 4; lastKnownFileType = sourcecode.c.h; path = UnionFind_QU_Rank_Path.h; sourceTree = "<group>"; };
		370E302625550C86007FC789 /* UnionFind_QU_Size.h */ = {isa = PBXFileReference; fileEncoding = 4; lastKnownFileType = sourcecode.c.h; path = UnionFind_QU_Size.h; sourceTree = "<group>"; };
		370E302725550C86007FC789 /* UnionFind_QU_Rank.h */ = {isa = PBXFileReference; fileEncoding = 4; lastKnownFileType = sourcecode.c.h; path = UnionFind_QU_Rank.h; sourceTree = "<group>"; };
		370E302825550C86007FC789 /* UnionFind_QU_Rank_Path_Split.h */ = {isa = PBXFileReference; fileEncoding = 4; lastKnownFileType = sourcecode.c.h; path = UnionFind_QU_Rank_Path_Split.h; sourceTree = "<group>"; };
		370E302925550C86007FC789 /* UnionFind_QU_Rank_Path_Halving.h */ = {isa = PBXFileReference; fileEncoding = 4; lastKnownFileType = sourcecode.c.h; path = UnionFind_QU_Rank_Path_Halving.h; sourceTree = "<group>"; };
		370E302A25550C86007FC789 /* UnionFind_QF.h */ = {isa = PBXFileReference; fileEncoding = 4; lastKnownFileType = sourcecode.c.h; path = UnionFind_QF.h; sourceTree = "<group>"; };
		370E306425556C3E007FC789 /* _394_Decode_String.h */ = {isa = PBXFileReference; lastKnownFileType = sourcecode.c.h; path = _394_Decode_String.h; sourceTree = "<group>"; };
		370E306525556C3F007FC789 /* _394_Decode_String.m */ = {isa = PBXFileReference; lastKnownFileType = sourcecode.c.objc; path = _394_Decode_String.m; sourceTree = "<group>"; };
		3721396F25667DBA00739C1D /* _23_Merge_k_Sorted_Lists.h */ = {isa = PBXFileReference; lastKnownFileType = sourcecode.c.h; path = _23_Merge_k_Sorted_Lists.h; sourceTree = "<group>"; };
		3721397025667DBA00739C1D /* _23_Merge_k_Sorted_Lists.m */ = {isa = PBXFileReference; lastKnownFileType = sourcecode.c.objc; path = _23_Merge_k_Sorted_Lists.m; sourceTree = "<group>"; };
		373632C825413C7C0039E4A6 /* 3_LongestSubstringWithoutRepeatingCharacters.h */ = {isa = PBXFileReference; lastKnownFileType = sourcecode.c.h; path = 3_LongestSubstringWithoutRepeatingCharacters.h; sourceTree = "<group>"; };
		373632C925413C7C0039E4A6 /* 3_LongestSubstringWithoutRepeatingCharacters.m */ = {isa = PBXFileReference; lastKnownFileType = sourcecode.c.objc; path = 3_LongestSubstringWithoutRepeatingCharacters.m; sourceTree = "<group>"; };
		3736330525419FB20039E4A6 /* 8_StringtoInteger.h */ = {isa = PBXFileReference; lastKnownFileType = sourcecode.c.h; path = 8_StringtoInteger.h; sourceTree = "<group>"; };
		3736330625419FB20039E4A6 /* 8_StringtoInteger.m */ = {isa = PBXFileReference; lastKnownFileType = sourcecode.c.objc; path = 8_StringtoInteger.m; sourceTree = "<group>"; };
		373B97B62591B4C100054150 /* _153_FindMinimuminRotatedSortedArray.h */ = {isa = PBXFileReference; lastKnownFileType = sourcecode.c.h; path = _153_FindMinimuminRotatedSortedArray.h; sourceTree = "<group>"; };
		373B97B72591B4C100054150 /* _153_FindMinimuminRotatedSortedArray.m */ = {isa = PBXFileReference; lastKnownFileType = sourcecode.c.objc; path = _153_FindMinimuminRotatedSortedArray.m; sourceTree = "<group>"; };
		373EA008259203A900B22510 /* _347_TopKFrequentElements.h */ = {isa = PBXFileReference; lastKnownFileType = sourcecode.c.h; path = _347_TopKFrequentElements.h; sourceTree = "<group>"; };
		373EA009259203A900B22510 /* _347_TopKFrequentElements.m */ = {isa = PBXFileReference; lastKnownFileType = sourcecode.c.objc; path = _347_TopKFrequentElements.m; sourceTree = "<group>"; };
		373EA00D25920C3B00B22510 /* BinaryHeap.h */ = {isa = PBXFileReference; fileEncoding = 4; lastKnownFileType = sourcecode.c.h; path = BinaryHeap.h; sourceTree = "<group>"; };
		373EA00E25920C3B00B22510 /* BinaryHeap.m */ = {isa = PBXFileReference; fileEncoding = 4; lastKnownFileType = sourcecode.c.objc; path = BinaryHeap.m; sourceTree = "<group>"; };
		3743DDCF258C602600E7880F /* _53_MaximumSubarray.h */ = {isa = PBXFileReference; lastKnownFileType = sourcecode.c.h; path = _53_MaximumSubarray.h; sourceTree = "<group>"; };
		3743DDD0258C602600E7880F /* _53_MaximumSubarray.m */ = {isa = PBXFileReference; lastKnownFileType = sourcecode.c.objc; path = _53_MaximumSubarray.m; sourceTree = "<group>"; };
		3743DDD4258C68DD00E7880F /* _300_Longest_Increasing_Subsequence.h */ = {isa = PBXFileReference; lastKnownFileType = sourcecode.c.h; path = _300_Longest_Increasing_Subsequence.h; sourceTree = "<group>"; };
		3743DDD5258C68DD00E7880F /* _300_Longest_Increasing_Subsequence.m */ = {isa = PBXFileReference; lastKnownFileType = sourcecode.c.objc; path = _300_Longest_Increasing_Subsequence.m; sourceTree = "<group>"; };
		3757DD7E257B46FE000AE195 /* _Offer_47_Max_value_Of_Gift.h */ = {isa = PBXFileReference; lastKnownFileType = sourcecode.c.h; path = _Offer_47_Max_value_Of_Gift.h; sourceTree = "<group>"; };
		3757DD7F257B46FE000AE195 /* _Offer_47_Max_value_Of_Gift.m */ = {isa = PBXFileReference; lastKnownFileType = sourcecode.c.objc; path = _Offer_47_Max_value_Of_Gift.m; sourceTree = "<group>"; };
		375921FA255FED470055F16E /* _42_Trapping_Rain_Water.h */ = {isa = PBXFileReference; lastKnownFileType = sourcecode.c.h; path = _42_Trapping_Rain_Water.h; sourceTree = "<group>"; };
		375921FB255FED470055F16E /* _42_Trapping_Rain_Water.m */ = {isa = PBXFileReference; lastKnownFileType = sourcecode.c.objc; path = _42_Trapping_Rain_Water.m; sourceTree = "<group>"; };
		3766716E257BB0320034C561 /* _121_Best_Time_to_Buy_and_Sell_Stock.h */ = {isa = PBXFileReference; lastKnownFileType = sourcecode.c.h; path = _121_Best_Time_to_Buy_and_Sell_Stock.h; sourceTree = "<group>"; };
		3766716F257BB0320034C561 /* _121_Best_Time_to_Buy_and_Sell_Stock.m */ = {isa = PBXFileReference; lastKnownFileType = sourcecode.c.objc; path = _121_Best_Time_to_Buy_and_Sell_Stock.m; sourceTree = "<group>"; };
		376CB64C257E5BCD00CF90F5 /* _22_GenerateParentheses.h */ = {isa = PBXFileReference; lastKnownFileType = sourcecode.c.h; path = _22_GenerateParentheses.h; sourceTree = "<group>"; };
		376CB64D257E5BCD00CF90F5 /* _22_GenerateParentheses.m */ = {isa = PBXFileReference; lastKnownFileType = sourcecode.c.objc; path = _22_GenerateParentheses.m; sourceTree = "<group>"; };
		376CB653257E604A00CF90F5 /* _17_LetterCombinationsofaPhoneNumber.h */ = {isa = PBXFileReference; lastKnownFileType = sourcecode.c.h; path = _17_LetterCombinationsofaPhoneNumber.h; sourceTree = "<group>"; };
		376CB654257E604B00CF90F5 /* _17_LetterCombinationsofaPhoneNumber.m */ = {isa = PBXFileReference; lastKnownFileType = sourcecode.c.objc; path = _17_LetterCombinationsofaPhoneNumber.m; sourceTree = "<group>"; };
		3776CDC82546DA70003C8105 /* 1_TwoSums.h */ = {isa = PBXFileReference; lastKnownFileType = sourcecode.c.h; path = 1_TwoSums.h; sourceTree = "<group>"; };
		3776CDC92546DA70003C8105 /* 1_TwoSums.m */ = {isa = PBXFileReference; lastKnownFileType = sourcecode.c.objc; path = 1_TwoSums.m; sourceTree = "<group>"; };
		3776CDCD2546EF5E003C8105 /* 149_Max_Points_on_a_Line.h */ = {isa = PBXFileReference; lastKnownFileType = sourcecode.c.h; path = 149_Max_Points_on_a_Line.h; sourceTree = "<group>"; };
		3776CDCE2546EF5E003C8105 /* 149_Max_Points_on_a_Line.m */ = {isa = PBXFileReference; lastKnownFileType = sourcecode.c.objc; path = 149_Max_Points_on_a_Line.m; sourceTree = "<group>"; };
		3776CDD12547CC4B003C8105 /* 146_LRU_Cache.h */ = {isa = PBXFileReference; lastKnownFileType = sourcecode.c.h; path = 146_LRU_Cache.h; sourceTree = "<group>"; };
		3776CDD22547CC4B003C8105 /* 146_LRU_Cache.m */ = {isa = PBXFileReference; lastKnownFileType = sourcecode.c.objc; path = 146_LRU_Cache.m; sourceTree = "<group>"; };
		37898B09259D78D200688E37 /* _200_NumberofIslands.h */ = {isa = PBXFileReference; lastKnownFileType = sourcecode.c.h; path = _200_NumberofIslands.h; sourceTree = "<group>"; };
		37898B0A259D78D200688E37 /* _200_NumberofIslands.m */ = {isa = PBXFileReference; lastKnownFileType = sourcecode.c.objc; path = _200_NumberofIslands.m; sourceTree = "<group>"; };
		378C99892549112D00B64B92 /* HeapSort.h */ = {isa = PBXFileReference; lastKnownFileType = sourcecode.c.h; path = HeapSort.h; sourceTree = "<group>"; };
		378C998A2549112D00B64B92 /* HeapSort.m */ = {isa = PBXFileReference; lastKnownFileType = sourcecode.c.objc; path = HeapSort.m; sourceTree = "<group>"; };
		378C99AC254925FD00B64B92 /* SelectSort.h */ = {isa = PBXFileReference; lastKnownFileType = sourcecode.c.h; path = SelectSort.h; sourceTree = "<group>"; };
		378C99AD254925FD00B64B92 /* SelectSort.m */ = {isa = PBXFileReference; lastKnownFileType = sourcecode.c.objc; path = SelectSort.m; sourceTree = "<group>"; };
		378C9F58254ACC5800B64B92 /* 380_Insert_Delete_GetRandom.h */ = {isa = PBXFileReference; lastKnownFileType = sourcecode.c.h; path = 380_Insert_Delete_GetRandom.h; sourceTree = "<group>"; };
		378C9F59254ACC5800B64B92 /* 380_Insert_Delete_GetRandom.m */ = {isa = PBXFileReference; lastKnownFileType = sourcecode.c.objc; path = 380_Insert_Delete_GetRandom.m; sourceTree = "<group>"; };
		378C9FA1254BC40500B64B92 /* 75_Sort_Colors.h */ = {isa = PBXFileReference; lastKnownFileType = sourcecode.c.h; path = 75_Sort_Colors.h; sourceTree = "<group>"; };
		378C9FA2254BC40500B64B92 /* 75_Sort_Colors.m */ = {isa = PBXFileReference; lastKnownFileType = sourcecode.c.objc; path = 75_Sort_Colors.m; sourceTree = "<group>"; };
		378C9FAD254C1E3000B64B92 /* InsertSort.h */ = {isa = PBXFileReference; lastKnownFileType = sourcecode.c.h; path = InsertSort.h; sourceTree = "<group>"; };
		378C9FAE254C1E3000B64B92 /* InsertSort.m */ = {isa = PBXFileReference; lastKnownFileType = sourcecode.c.objc; path = InsertSort.m; sourceTree = "<group>"; };
		3790F9EC257891D900B2701E /* _739_DailyTeampreture.h */ = {isa = PBXFileReference; lastKnownFileType = sourcecode.c.h; path = _739_DailyTeampreture.h; sourceTree = "<group>"; };
		3790F9ED257891D900B2701E /* _739_DailyTeampreture.m */ = {isa = PBXFileReference; lastKnownFileType = sourcecode.c.objc; path = _739_DailyTeampreture.m; sourceTree = "<group>"; };
		3790F9F025789C9200B2701E /* MyStack.h */ = {isa = PBXFileReference; lastKnownFileType = sourcecode.c.h; path = MyStack.h; sourceTree = "<group>"; };
		3790F9F125789C9200B2701E /* MyStack.m */ = {isa = PBXFileReference; lastKnownFileType = sourcecode.c.objc; path = MyStack.m; sourceTree = "<group>"; };
		3790F9F525789D2200B2701E /* MyQueue.h */ = {isa = PBXFileReference; lastKnownFileType = sourcecode.c.h; path = MyQueue.h; sourceTree = "<group>"; };
		3790F9F625789D2200B2701E /* MyQueue.m */ = {isa = PBXFileReference; lastKnownFileType = sourcecode.c.objc; path = MyQueue.m; sourceTree = "<group>"; };
		3790F9F92578A38B00B2701E /* _01_09_String_Rotation_LCCI.h */ = {isa = PBXFileReference; lastKnownFileType = sourcecode.c.h; path = _01_09_String_Rotation_LCCI.h; sourceTree = "<group>"; };
		3790F9FA2578A38B00B2701E /* _01_09_String_Rotation_LCCI.m */ = {isa = PBXFileReference; lastKnownFileType = sourcecode.c.objc; path = _01_09_String_Rotation_LCCI.m; sourceTree = "<group>"; };
		3790F9FD2578BA5C00B2701E /* _572_Subtree_of_Another_Tree.h */ = {isa = PBXFileReference; lastKnownFileType = sourcecode.c.h; path = _572_Subtree_of_Another_Tree.h; sourceTree = "<group>"; };
		3790F9FE2578BA5C00B2701E /* _572_Subtree_of_Another_Tree.m */ = {isa = PBXFileReference; lastKnownFileType = sourcecode.c.objc; path = _572_Subtree_of_Another_Tree.m; sourceTree = "<group>"; };
		3790FA012578BCE200B2701E /* MyBTNode.h */ = {isa = PBXFileReference; lastKnownFileType = sourcecode.c.h; path = MyBTNode.h; sourceTree = "<group>"; };
		3790FA022578BCE200B2701E /* MyBTNode.m */ = {isa = PBXFileReference; lastKnownFileType = sourcecode.c.objc; path = MyBTNode.m; sourceTree = "<group>"; };
		3790FA1F2579DC3500B2701E /* _151_Reverse_Words_in_a_String.h */ = {isa = PBXFileReference; lastKnownFileType = sourcecode.c.h; path = _151_Reverse_Words_in_a_String.h; sourceTree = "<group>"; };
		3790FA202579DC3500B2701E /* _151_Reverse_Words_in_a_String.m */ = {isa = PBXFileReference; lastKnownFileType = sourcecode.c.objc; path = _151_Reverse_Words_in_a_String.m; sourceTree = "<group>"; };
		3790FA232579EEBC00B2701E /* _242_Valid_Anagram.h */ = {isa = PBXFileReference; lastKnownFileType = sourcecode.c.h; path = _242_Valid_Anagram.h; sourceTree = "<group>"; };
		3790FA242579EEBC00B2701E /* _242_Valid_Anagram.m */ = {isa = PBXFileReference; lastKnownFileType = sourcecode.c.objc; path = _242_Valid_Anagram.m; sourceTree = "<group>"; };
		37A4DBC225679CF80010C9C9 /* _46_Permutations.h */ = {isa = PBXFileReference; lastKnownFileType = sourcecode.c.h; path = _46_Permutations.h; sourceTree = "<group>"; };
		37A4DBC325679CF80010C9C9 /* _46_Permutations.m */ = {isa = PBXFileReference; lastKnownFileType = sourcecode.c.objc; path = _46_Permutations.m; sourceTree = "<group>"; };
		37A6E0BB257FADC100FAB7DD /* Offer_62_LastRemaining_in_Circle.h */ = {isa = PBXFileReference; lastKnownFileType = sourcecode.c.h; path = Offer_62_LastRemaining_in_Circle.h; sourceTree = "<group>"; };
		37A6E0BC257FADC100FAB7DD /* Offer_62_LastRemaining_in_Circle.m */ = {isa = PBXFileReference; lastKnownFileType = sourcecode.c.objc; path = Offer_62_LastRemaining_in_Circle.m; sourceTree = "<group>"; };
		37A6E0BF257FB08800FAB7DD /* _50_My_Pow.h */ = {isa = PBXFileReference; lastKnownFileType = sourcecode.c.h; path = _50_My_Pow.h; sourceTree = "<group>"; };
		37A6E0C0257FB08800FAB7DD /* _50_My_Pow.m */ = {isa = PBXFileReference; lastKnownFileType = sourcecode.c.objc; path = _50_My_Pow.m; sourceTree = "<group>"; };
		37A6E0C32580717300FAB7DD /* _54_Spiral_Matrix.h */ = {isa = PBXFileReference; lastKnownFileType = sourcecode.c.h; path = _54_Spiral_Matrix.h; sourceTree = "<group>"; };
		37A6E0C42580717300FAB7DD /* _54_Spiral_Matrix.m */ = {isa = PBXFileReference; lastKnownFileType = sourcecode.c.objc; path = _54_Spiral_Matrix.m; sourceTree = "<group>"; };
		37A6E0C7258079F000FAB7DD /* _7_Reverse_Integer.h */ = {isa = PBXFileReference; lastKnownFileType = sourcecode.c.h; path = _7_Reverse_Integer.h; sourceTree = "<group>"; };
		37A6E0C8258079F000FAB7DD /* _7_Reverse_Integer.m */ = {isa = PBXFileReference; lastKnownFileType = sourcecode.c.objc; path = _7_Reverse_Integer.m; sourceTree = "<group>"; };
		37A79D7C255B9AE30025A043 /* _179_Largest_Number.h */ = {isa = PBXFileReference; lastKnownFileType = sourcecode.c.h; path = _179_Largest_Number.h; sourceTree = "<group>"; };
		37A79D7D255B9AE30025A043 /* _179_Largest_Number.m */ = {isa = PBXFileReference; lastKnownFileType = sourcecode.c.objc; path = _179_Largest_Number.m; sourceTree = "<group>"; };
		37A79D80255C09690025A043 /* _109_Convert_Sorted_List_to_Binary_Search_Tree.h */ = {isa = PBXFileReference; lastKnownFileType = sourcecode.c.h; path = _109_Convert_Sorted_List_to_Binary_Search_Tree.h; sourceTree = "<group>"; };
		37A79D81255C09690025A043 /* _109_Convert_Sorted_List_to_Binary_Search_Tree.m */ = {isa = PBXFileReference; lastKnownFileType = sourcecode.c.objc; path = _109_Convert_Sorted_List_to_Binary_Search_Tree.m; sourceTree = "<group>"; };
		37A79D84255C10C10025A043 /* _108_Convert_Sorted_Array_to_Binary_Search_Tree.h */ = {isa = PBXFileReference; lastKnownFileType = sourcecode.c.h; path = _108_Convert_Sorted_Array_to_Binary_Search_Tree.h; sourceTree = "<group>"; };
		37A79D85255C10C10025A043 /* _108_Convert_Sorted_Array_to_Binary_Search_Tree.m */ = {isa = PBXFileReference; lastKnownFileType = sourcecode.c.objc; path = _108_Convert_Sorted_Array_to_Binary_Search_Tree.m; sourceTree = "<group>"; };
		37A79D88255D19BD0025A043 /* _160_Intersection_of_Two_Linked_Lists.h */ = {isa = PBXFileReference; lastKnownFileType = sourcecode.c.h; path = _160_Intersection_of_Two_Linked_Lists.h; sourceTree = "<group>"; };
		37A79D89255D19BD0025A043 /* _160_Intersection_of_Two_Linked_Lists.m */ = {isa = PBXFileReference; lastKnownFileType = sourcecode.c.objc; path = _160_Intersection_of_Two_Linked_Lists.m; sourceTree = "<group>"; };
		37A79D8F255D6AF00025A043 /* BinaryTree.h */ = {isa = PBXFileReference; lastKnownFileType = sourcecode.c.h; path = BinaryTree.h; sourceTree = "<group>"; };
		37A79D90255D6AF00025A043 /* BinaryTree.m */ = {isa = PBXFileReference; lastKnownFileType = sourcecode.c.objc; path = BinaryTree.m; sourceTree = "<group>"; };
		37A8F7962599828E00F44465 /* _191_Number_of_1_Bits.h */ = {isa = PBXFileReference; lastKnownFileType = sourcecode.c.h; path = _191_Number_of_1_Bits.h; sourceTree = "<group>"; };
		37A8F7972599828E00F44465 /* _191_Number_of_1_Bits.m */ = {isa = PBXFileReference; lastKnownFileType = sourcecode.c.objc; path = _191_Number_of_1_Bits.m; sourceTree = "<group>"; };
		37A8F7B92599984E00F44465 /* _190_Reverse_Bits.h */ = {isa = PBXFileReference; lastKnownFileType = sourcecode.c.h; path = _190_Reverse_Bits.h; sourceTree = "<group>"; };
		37A8F7BA2599984E00F44465 /* _190_Reverse_Bits.m */ = {isa = PBXFileReference; lastKnownFileType = sourcecode.c.objc; path = _190_Reverse_Bits.m; sourceTree = "<group>"; };
		37A8F7D0259AE28600F44465 /* _73_Set_Matrix_Zeroes.h */ = {isa = PBXFileReference; lastKnownFileType = sourcecode.c.h; path = _73_Set_Matrix_Zeroes.h; sourceTree = "<group>"; };
		37A8F7D1259AE28600F44465 /* _73_Set_Matrix_Zeroes.m */ = {isa = PBXFileReference; lastKnownFileType = sourcecode.c.objc; path = _73_Set_Matrix_Zeroes.m; sourceTree = "<group>"; };
		37C1EF3A2574EDE7002346A9 /* _16_16Sub_Sort_LCCI.h */ = {isa = PBXFileReference; lastKnownFileType = sourcecode.c.h; path = _16_16Sub_Sort_LCCI.h; sourceTree = "<group>"; };
		37C1EF3B2574EDE7002346A9 /* _16_16Sub_Sort_LCCI.m */ = {isa = PBXFileReference; lastKnownFileType = sourcecode.c.objc; path = _16_16Sub_Sort_LCCI.m; sourceTree = "<group>"; };
		37C1EF5F25751B22002346A9 /* _51_N-Queens.h */ = {isa = PBXFileReference; lastKnownFileType = sourcecode.c.h; path = "_51_N-Queens.h"; sourceTree = "<group>"; };
		37C1EF6025751B22002346A9 /* _51_N-Queens.m */ = {isa = PBXFileReference; lastKnownFileType = sourcecode.c.objc; path = "_51_N-Queens.m"; sourceTree = "<group>"; };
		37C1EF6425760199002346A9 /* _86_Partition_List.h */ = {isa = PBXFileReference; lastKnownFileType = sourcecode.c.h; path = _86_Partition_List.h; sourceTree = "<group>"; };
		37C1EF6525760199002346A9 /* _86_Partition_List.m */ = {isa = PBXFileReference; lastKnownFileType = sourcecode.c.objc; path = _86_Partition_List.m; sourceTree = "<group>"; };
		37C75B5625400B96006564C1 /* 15_ThreeSum.h */ = {isa = PBXFileReference; lastKnownFileType = sourcecode.c.h; path = 15_ThreeSum.h; sourceTree = "<group>"; };
		37C75B5725400B96006564C1 /* 15_ThreeSum.m */ = {isa = PBXFileReference; lastKnownFileType = sourcecode.c.objc; path = 15_ThreeSum.m; sourceTree = "<group>"; };
		37CF43812538357900CBBDEF /* LeetCode.app */ = {isa = PBXFileReference; explicitFileType = wrapper.application; includeInIndex = 0; path = LeetCode.app; sourceTree = BUILT_PRODUCTS_DIR; };
		37CF43842538357900CBBDEF /* AppDelegate.h */ = {isa = PBXFileReference; lastKnownFileType = sourcecode.c.h; path = AppDelegate.h; sourceTree = "<group>"; };
		37CF43852538357900CBBDEF /* AppDelegate.m */ = {isa = PBXFileReference; lastKnownFileType = sourcecode.c.objc; path = AppDelegate.m; sourceTree = "<group>"; };
		37CF43872538357900CBBDEF /* SceneDelegate.h */ = {isa = PBXFileReference; lastKnownFileType = sourcecode.c.h; path = SceneDelegate.h; sourceTree = "<group>"; };
		37CF43882538357900CBBDEF /* SceneDelegate.m */ = {isa = PBXFileReference; lastKnownFileType = sourcecode.c.objc; path = SceneDelegate.m; sourceTree = "<group>"; };
		37CF438A2538357900CBBDEF /* ViewController.h */ = {isa = PBXFileReference; lastKnownFileType = sourcecode.c.h; path = ViewController.h; sourceTree = "<group>"; };
		37CF438B2538357900CBBDEF /* ViewController.m */ = {isa = PBXFileReference; lastKnownFileType = sourcecode.c.objc; path = ViewController.m; sourceTree = "<group>"; };
		37CF438E2538357900CBBDEF /* Base */ = {isa = PBXFileReference; lastKnownFileType = file.storyboard; name = Base; path = Base.lproj/Main.storyboard; sourceTree = "<group>"; };
		37CF43902538357A00CBBDEF /* Assets.xcassets */ = {isa = PBXFileReference; lastKnownFileType = folder.assetcatalog; path = Assets.xcassets; sourceTree = "<group>"; };
		37CF43932538357A00CBBDEF /* Base */ = {isa = PBXFileReference; lastKnownFileType = file.storyboard; name = Base; path = Base.lproj/LaunchScreen.storyboard; sourceTree = "<group>"; };
		37CF43952538357A00CBBDEF /* Info.plist */ = {isa = PBXFileReference; lastKnownFileType = text.plist.xml; path = Info.plist; sourceTree = "<group>"; };
		37CF43962538357A00CBBDEF /* main.m */ = {isa = PBXFileReference; lastKnownFileType = sourcecode.c.objc; path = main.m; sourceTree = "<group>"; };
		37CF43A12538362700CBBDEF /* 4_MedianofTwoSortedArrays.h */ = {isa = PBXFileReference; fileEncoding = 4; lastKnownFileType = sourcecode.c.h; path = 4_MedianofTwoSortedArrays.h; sourceTree = "<group>"; };
		37CF43A32538362700CBBDEF /* 4_MedianofTwoSortedArrays.c */ = {isa = PBXFileReference; fileEncoding = 4; lastKnownFileType = sourcecode.c.c; path = 4_MedianofTwoSortedArrays.c; sourceTree = "<group>"; };
		37CF43A52538362700CBBDEF /* 2_AddTwoNumbers.h */ = {isa = PBXFileReference; fileEncoding = 4; lastKnownFileType = sourcecode.c.h; path = 2_AddTwoNumbers.h; sourceTree = "<group>"; };
		37CF43A62538362700CBBDEF /* 19_RemoveNthNodeFromEndofList.h */ = {isa = PBXFileReference; fileEncoding = 4; lastKnownFileType = sourcecode.c.h; path = 19_RemoveNthNodeFromEndofList.h; sourceTree = "<group>"; };
		37CF43A72538362700CBBDEF /* 203_RemoveLinkedListElements.h */ = {isa = PBXFileReference; fileEncoding = 4; lastKnownFileType = sourcecode.c.h; path = 203_RemoveLinkedListElements.h; sourceTree = "<group>"; };
		37CF43A82538362700CBBDEF /* ListNode_C.c */ = {isa = PBXFileReference; fileEncoding = 4; lastKnownFileType = sourcecode.c.c; path = ListNode_C.c; sourceTree = "<group>"; };
		37CF43A92538362700CBBDEF /* 237_DeleteNodeinLinkedList.h */ = {isa = PBXFileReference; fileEncoding = 4; lastKnownFileType = sourcecode.c.h; path = 237_DeleteNodeinLinkedList.h; sourceTree = "<group>"; };
		37CF43AA2538362700CBBDEF /* 141_LinkedListCycle.h */ = {isa = PBXFileReference; fileEncoding = 4; lastKnownFileType = sourcecode.c.h; path = 141_LinkedListCycle.h; sourceTree = "<group>"; };
		37CF43AB2538362700CBBDEF /* 82_RemoveDuplicatesfromSortedList2.h */ = {isa = PBXFileReference; fileEncoding = 4; lastKnownFileType = sourcecode.c.h; path = 82_RemoveDuplicatesfromSortedList2.h; sourceTree = "<group>"; };
		37CF43AC2538362700CBBDEF /* 21_MergeTwoSortedList.h */ = {isa = PBXFileReference; fileEncoding = 4; lastKnownFileType = sourcecode.c.h; path = 21_MergeTwoSortedList.h; sourceTree = "<group>"; };
		37CF43AD2538362700CBBDEF /* 206_ReverseLinkedList.h */ = {isa = PBXFileReference; fileEncoding = 4; lastKnownFileType = sourcecode.c.h; path = 206_ReverseLinkedList.h; sourceTree = "<group>"; };
		37CF43AE2538362700CBBDEF /* 61_RotateList.h */ = {isa = PBXFileReference; fileEncoding = 4; lastKnownFileType = sourcecode.c.h; path = 61_RotateList.h; sourceTree = "<group>"; };
		37CF43AF2538362700CBBDEF /* 2_AddTwoNumbers.c */ = {isa = PBXFileReference; fileEncoding = 4; lastKnownFileType = sourcecode.c.c; path = 2_AddTwoNumbers.c; sourceTree = "<group>"; };
		37CF43B02538362700CBBDEF /* 19_RemoveNthNodeFromEndofList.c */ = {isa = PBXFileReference; fileEncoding = 4; lastKnownFileType = sourcecode.c.c; path = 19_RemoveNthNodeFromEndofList.c; sourceTree = "<group>"; };
		37CF43B12538362700CBBDEF /* 141_LinkedListCycle.c */ = {isa = PBXFileReference; fileEncoding = 4; lastKnownFileType = sourcecode.c.c; path = 141_LinkedListCycle.c; sourceTree = "<group>"; };
		37CF43B22538362700CBBDEF /* 237_DeleteNodeinLinkedList.c */ = {isa = PBXFileReference; fileEncoding = 4; lastKnownFileType = sourcecode.c.c; path = 237_DeleteNodeinLinkedList.c; sourceTree = "<group>"; };
		37CF43B32538362700CBBDEF /* 21_MergeTwoSortedList.c */ = {isa = PBXFileReference; fileEncoding = 4; lastKnownFileType = sourcecode.c.c; path = 21_MergeTwoSortedList.c; sourceTree = "<group>"; };
		37CF43B42538362700CBBDEF /* 82_RemoveDuplicatesfromSortedList2.c */ = {isa = PBXFileReference; fileEncoding = 4; lastKnownFileType = sourcecode.c.c; path = 82_RemoveDuplicatesfromSortedList2.c; sourceTree = "<group>"; };
		37CF43B52538362700CBBDEF /* ListNode_C.h */ = {isa = PBXFileReference; fileEncoding = 4; lastKnownFileType = sourcecode.c.h; path = ListNode_C.h; sourceTree = "<group>"; };
		37CF43B62538362700CBBDEF /* 203_RemoveLinkedListElements.c */ = {isa = PBXFileReference; fileEncoding = 4; lastKnownFileType = sourcecode.c.c; path = 203_RemoveLinkedListElements.c; sourceTree = "<group>"; };
		37CF43B72538362700CBBDEF /* 61_RotateList.c */ = {isa = PBXFileReference; fileEncoding = 4; lastKnownFileType = sourcecode.c.c; path = 61_RotateList.c; sourceTree = "<group>"; };
		37CF43B82538362700CBBDEF /* 206_ReverseLinkedList.c */ = {isa = PBXFileReference; fileEncoding = 4; lastKnownFileType = sourcecode.c.c; path = 206_ReverseLinkedList.c; sourceTree = "<group>"; };
		37CF43BA2538362700CBBDEF /* 1002_Find_Common_Characters.h */ = {isa = PBXFileReference; fileEncoding = 4; lastKnownFileType = sourcecode.c.h; path = 1002_Find_Common_Characters.h; sourceTree = "<group>"; };
		37CF43BB2538362700CBBDEF /* 5_LongestPalindromicSubstring.c */ = {isa = PBXFileReference; fileEncoding = 4; lastKnownFileType = sourcecode.c.c; path = 5_LongestPalindromicSubstring.c; sourceTree = "<group>"; };
		37CF43BC2538362700CBBDEF /* 1002_Find_Common_Characters.c */ = {isa = PBXFileReference; fileEncoding = 4; lastKnownFileType = sourcecode.c.c; path = 1002_Find_Common_Characters.c; sourceTree = "<group>"; };
		37CF43BD2538362700CBBDEF /* 5_LongestPalindromicSubstring.h */ = {isa = PBXFileReference; fileEncoding = 4; lastKnownFileType = sourcecode.c.h; path = 5_LongestPalindromicSubstring.h; sourceTree = "<group>"; };
		37CF43BF2538362700CBBDEF /* 20_ValidParentheses.h */ = {isa = PBXFileReference; fileEncoding = 4; lastKnownFileType = sourcecode.c.h; path = 20_ValidParentheses.h; sourceTree = "<group>"; };
		37CF43C02538362700CBBDEF /* 20_ValidParentheses.c */ = {isa = PBXFileReference; fileEncoding = 4; lastKnownFileType = sourcecode.c.c; path = 20_ValidParentheses.c; sourceTree = "<group>"; };
		37CF4419253838EC00CBBDEF /* 70_ClimbingStairs.h */ = {isa = PBXFileReference; lastKnownFileType = sourcecode.c.h; path = 70_ClimbingStairs.h; sourceTree = "<group>"; };
		37CF441A253838EC00CBBDEF /* 70_ClimbingStairs.c */ = {isa = PBXFileReference; lastKnownFileType = sourcecode.c.c; path = 70_ClimbingStairs.c; sourceTree = "<group>"; };
		37D01C64255A3764007B297E /* _232_Implement_Queue_using_Stacks.h */ = {isa = PBXFileReference; lastKnownFileType = sourcecode.c.h; path = _232_Implement_Queue_using_Stacks.h; sourceTree = "<group>"; };
		37D01C65255A3764007B297E /* _232_Implement_Queue_using_Stacks.m */ = {isa = PBXFileReference; lastKnownFileType = sourcecode.c.objc; path = _232_Implement_Queue_using_Stacks.m; sourceTree = "<group>"; };
		37D01C68255A405F007B297E /* _225_Implement_Stack_using_Queues.h */ = {isa = PBXFileReference; lastKnownFileType = sourcecode.c.h; path = _225_Implement_Stack_using_Queues.h; sourceTree = "<group>"; };
		37D01C69255A405F007B297E /* _225_Implement_Stack_using_Queues.m */ = {isa = PBXFileReference; lastKnownFileType = sourcecode.c.objc; path = _225_Implement_Stack_using_Queues.m; sourceTree = "<group>"; };
		37D01D4C255A866D007B297E /* _768_Max_Chunks_To_Make_Sorted2.h */ = {isa = PBXFileReference; lastKnownFileType = sourcecode.c.h; path = _768_Max_Chunks_To_Make_Sorted2.h; sourceTree = "<group>"; };
		37D01D4D255A866D007B297E /* _768_Max_Chunks_To_Make_Sorted2.m */ = {isa = PBXFileReference; lastKnownFileType = sourcecode.c.objc; path = _768_Max_Chunks_To_Make_Sorted2.m; sourceTree = "<group>"; };
		37D01D50255AB80C007B297E /* _24_Swap_Nodes_in_Pairs.h */ = {isa = PBXFileReference; lastKnownFileType = sourcecode.c.h; path = _24_Swap_Nodes_in_Pairs.h; sourceTree = "<group>"; };
		37D01D51255AB80C007B297E /* _24_Swap_Nodes_in_Pairs.m */ = {isa = PBXFileReference; lastKnownFileType = sourcecode.c.objc; path = _24_Swap_Nodes_in_Pairs.m; sourceTree = "<group>"; };
		37D01D54255AC458007B297E /* _234_Palindrome_Linked_List.h */ = {isa = PBXFileReference; lastKnownFileType = sourcecode.c.h; path = _234_Palindrome_Linked_List.h; sourceTree = "<group>"; };
		37D01D55255AC458007B297E /* _234_Palindrome_Linked_List.m */ = {isa = PBXFileReference; lastKnownFileType = sourcecode.c.objc; path = _234_Palindrome_Linked_List.m; sourceTree = "<group>"; };
		37EBD7A2254FAAD600D726A5 /* 28_Implement_strStr.h */ = {isa = PBXFileReference; lastKnownFileType = sourcecode.c.h; path = 28_Implement_strStr.h; sourceTree = "<group>"; };
		37EBD7A3254FAAD600D726A5 /* 28_Implement_strStr.m */ = {isa = PBXFileReference; lastKnownFileType = sourcecode.c.objc; path = 28_Implement_strStr.m; sourceTree = "<group>"; };
		37EBD8D425503B6200D726A5 /* 66_Plus_One.h */ = {isa = PBXFileReference; lastKnownFileType = sourcecode.c.h; path = 66_Plus_One.h; sourceTree = "<group>"; };
		37EBD8D525503B6200D726A5 /* 66_Plus_One.m */ = {isa = PBXFileReference; lastKnownFileType = sourcecode.c.objc; path = 66_Plus_One.m; sourceTree = "<group>"; };
		37EBD8D82550FE9C00D726A5 /* _821_Shortest_Distance_to_a_Character.h */ = {isa = PBXFileReference; lastKnownFileType = sourcecode.c.h; path = _821_Shortest_Distance_to_a_Character.h; sourceTree = "<group>"; };
		37EBD8D92550FE9C00D726A5 /* _821_Shortest_Distance_to_a_Character.m */ = {isa = PBXFileReference; lastKnownFileType = sourcecode.c.objc; path = _821_Shortest_Distance_to_a_Character.m; sourceTree = "<group>"; };
		37EBD9232551846800D726A5 /* ShellSort.h */ = {isa = PBXFileReference; lastKnownFileType = sourcecode.c.h; path = ShellSort.h; sourceTree = "<group>"; };
		37EBD9242551846800D726A5 /* ShellSort.m */ = {isa = PBXFileReference; lastKnownFileType = sourcecode.c.objc; path = ShellSort.m; sourceTree = "<group>"; };
		37EBD9292551894000D726A5 /* 01.png */ = {isa = PBXFileReference; lastKnownFileType = image.png; path = 01.png; sourceTree = "<group>"; };
		37EBD94B2553A64600D726A5 /* _1381_Design_a_Stack_With_Increment_Operation.h */ = {isa = PBXFileReference; lastKnownFileType = sourcecode.c.h; path = _1381_Design_a_Stack_With_Increment_Operation.h; sourceTree = "<group>"; };
		37EBD94C2553A64600D726A5 /* _1381_Design_a_Stack_With_Increment_Operation.m */ = {isa = PBXFileReference; lastKnownFileType = sourcecode.c.objc; path = _1381_Design_a_Stack_With_Increment_Operation.m; sourceTree = "<group>"; };
		37EBD94F2553D0B700D726A5 /* _167_TwoSum_2.h */ = {isa = PBXFileReference; lastKnownFileType = sourcecode.c.h; path = _167_TwoSum_2.h; sourceTree = "<group>"; };
		37EBD9502553D0B700D726A5 /* _167_TwoSum_2.m */ = {isa = PBXFileReference; lastKnownFileType = sourcecode.c.objc; path = _167_TwoSum_2.m; sourceTree = "<group>"; };
		37EBD9532553D2FD00D726A5 /* _344_Reverse_String.h */ = {isa = PBXFileReference; lastKnownFileType = sourcecode.c.h; path = _344_Reverse_String.h; sourceTree = "<group>"; };
		37EBD9542553D2FD00D726A5 /* _344_Reverse_String.m */ = {isa = PBXFileReference; lastKnownFileType = sourcecode.c.objc; path = _344_Reverse_String.m; sourceTree = "<group>"; };
		37EBD9582553DACD00D726A5 /* _876_Middle_of_the_Linked_List.h */ = {isa = PBXFileReference; lastKnownFileType = sourcecode.c.h; path = _876_Middle_of_the_Linked_List.h; sourceTree = "<group>"; };
		37EBD9592553DACD00D726A5 /* _876_Middle_of_the_Linked_List.m */ = {isa = PBXFileReference; lastKnownFileType = sourcecode.c.objc; path = _876_Middle_of_the_Linked_List.m; sourceTree = "<group>"; };
		37F850CA259764E600BF6B61 /* _148_Sort_List.h */ = {isa = PBXFileReference; lastKnownFileType = sourcecode.c.h; path = _148_Sort_List.h; sourceTree = "<group>"; };
		37F850CB259764E600BF6B61 /* _148_Sort_List.m */ = {isa = PBXFileReference; lastKnownFileType = sourcecode.c.objc; path = _148_Sort_List.m; sourceTree = "<group>"; };
		37FDFE6B2580BFFA006F8540 /* _252_MeetingRoom.h */ = {isa = PBXFileReference; lastKnownFileType = sourcecode.c.h; path = _252_MeetingRoom.h; sourceTree = "<group>"; };
		37FDFE6C2580BFFA006F8540 /* _252_MeetingRoom.m */ = {isa = PBXFileReference; lastKnownFileType = sourcecode.c.objc; path = _252_MeetingRoom.m; sourceTree = "<group>"; };
		37FDFE6F2580C78B006F8540 /* _253_MeetingRoom_2.h */ = {isa = PBXFileReference; lastKnownFileType = sourcecode.c.h; path = _253_MeetingRoom_2.h; sourceTree = "<group>"; };
		37FDFE702580C78B006F8540 /* _253_MeetingRoom_2.m */ = {isa = PBXFileReference; lastKnownFileType = sourcecode.c.objc; path = _253_MeetingRoom_2.m; sourceTree = "<group>"; };
		37FDFE922581F2A8006F8540 /* _11_ContainerWithMostWater.h */ = {isa = PBXFileReference; lastKnownFileType = sourcecode.c.h; path = _11_ContainerWithMostWater.h; sourceTree = "<group>"; };
		37FDFE932581F2A8006F8540 /* _11_ContainerWithMostWater.m */ = {isa = PBXFileReference; lastKnownFileType = sourcecode.c.objc; path = _11_ContainerWithMostWater.m; sourceTree = "<group>"; };
/* End PBXFileReference section */

/* Begin PBXFrameworksBuildPhase section */
		37CF437E2538357900CBBDEF /* Frameworks */ = {
			isa = PBXFrameworksBuildPhase;
			buildActionMask = 2147483647;
			files = (
			);
			runOnlyForDeploymentPostprocessing = 0;
		};
/* End PBXFrameworksBuildPhase section */

/* Begin PBXGroup section */
		35C9B1FF257C908F00CF3899 /* 动态规划 */ = {
			isa = PBXGroup;
			children = (
				3766716E257BB0320034C561 /* _121_Best_Time_to_Buy_and_Sell_Stock.h */,
				3766716F257BB0320034C561 /* _121_Best_Time_to_Buy_and_Sell_Stock.m */,
				37A6E0B9257FAD8A00FAB7DD /* offer */,
				35C9B1F7257C708A00CF3899 /* _72_Edit_Distance.h */,
				35C9B1F8257C708A00CF3899 /* _72_Edit_Distance.m */,
				35C9B1FB257C906B00CF3899 /* _322_Coin_Change.h */,
				35C9B1FC257C906B00CF3899 /* _322_Coin_Change.m */,
			);
			path = "动态规划";
			sourceTree = "<group>";
		};
		35CF22332543E2990044632E /* 排序 */ = {
			isa = PBXGroup;
			children = (
				37EBD9282551894000D726A5 /* resource */,
				35CF222F2543E2910044632E /* BubbleSort1.h */,
				35CF22302543E2910044632E /* BubbleSort1.m */,
				35836D2225452C7F006A1BF3 /* BubbleSort2.h */,
				35836D2325452C7F006A1BF3 /* BubbleSort2.m */,
				3586A3FA2545632300CD2C61 /* BubbleSort3.h */,
				3586A3FB2545632300CD2C61 /* BubbleSort3.m */,
				378C99AC254925FD00B64B92 /* SelectSort.h */,
				378C99AD254925FD00B64B92 /* SelectSort.m */,
				378C99892549112D00B64B92 /* HeapSort.h */,
				378C998A2549112D00B64B92 /* HeapSort.m */,
				373EA00C25920C3B00B22510 /* 二叉堆 */,
				378C9FAD254C1E3000B64B92 /* InsertSort.h */,
				378C9FAE254C1E3000B64B92 /* InsertSort.m */,
				3564FE57254E5E2600230505 /* MergeSort.h */,
				3564FE58254E5E2600230505 /* MergeSort.m */,
				3564FE5B254E719500230505 /* QuickSort.h */,
				3564FE5C254E719500230505 /* QuickSort.m */,
				37EBD9232551846800D726A5 /* ShellSort.h */,
				37EBD9242551846800D726A5 /* ShellSort.m */,
				35836D2A25452CD8006A1BF3 /* Sort.h */,
				35836D2B25452CD8006A1BF3 /* Sort.m */,
				3564FE53254E4A4800230505 /* BinarySearch.h */,
				3564FE54254E4A4800230505 /* BinarySearch.m */,
			);
			path = "排序";
			sourceTree = "<group>";
		};
		370E301A25550C86007FC789 /* 并查集 */ = {
			isa = PBXGroup;
			children = (
				370E302325550C86007FC789 /* UnionFind.h */,
				370E301B25550C86007FC789 /* UnionFind.m */,
				370E302A25550C86007FC789 /* UnionFind_QF.h */,
				370E302125550C86007FC789 /* UnionFind_QF.m */,
				370E301C25550C86007FC789 /* UnionFind_QU.h */,
				370E302425550C86007FC789 /* UnionFind_QU.m */,
				370E302625550C86007FC789 /* UnionFind_QU_Size.h */,
				370E301D25550C86007FC789 /* UnionFind_QU_Size.m */,
				370E302725550C86007FC789 /* UnionFind_QU_Rank.h */,
				370E302025550C86007FC789 /* UnionFind_QU_Rank.m */,
				370E302525550C86007FC789 /* UnionFind_QU_Rank_Path.h */,
				370E301E25550C86007FC789 /* UnionFind_QU_Rank_Path.m */,
				370E302825550C86007FC789 /* UnionFind_QU_Rank_Path_Split.h */,
				370E301F25550C86007FC789 /* UnionFind_QU_Rank_Path_Split.m */,
				370E302925550C86007FC789 /* UnionFind_QU_Rank_Path_Halving.h */,
				370E302225550C86007FC789 /* UnionFind_QU_Rank_Path_Halving.m */,
			);
			path = "并查集";
			sourceTree = "<group>";
		};
		373EA00C25920C3B00B22510 /* 二叉堆 */ = {
			isa = PBXGroup;
			children = (
				373EA00D25920C3B00B22510 /* BinaryHeap.h */,
				373EA00E25920C3B00B22510 /* BinaryHeap.m */,
			);
			name = "二叉堆";
			path = "../../../C语言实现/优先级队列/优先级队列/二叉堆";
			sourceTree = "<group>";
		};
		376CB650257E5BD200CF90F5 /* DFS  */ = {
			isa = PBXGroup;
			children = (
				376CB64C257E5BCD00CF90F5 /* _22_GenerateParentheses.h */,
				376CB64D257E5BCD00CF90F5 /* _22_GenerateParentheses.m */,
				376CB653257E604A00CF90F5 /* _17_LetterCombinationsofaPhoneNumber.h */,
				376CB654257E604B00CF90F5 /* _17_LetterCombinationsofaPhoneNumber.m */,
			);
			path = "DFS ";
			sourceTree = "<group>";
		};
		37A6E0B9257FAD8A00FAB7DD /* offer */ = {
			isa = PBXGroup;
			children = (
				3757DD7E257B46FE000AE195 /* _Offer_47_Max_value_Of_Gift.h */,
				3757DD7F257B46FE000AE195 /* _Offer_47_Max_value_Of_Gift.m */,
				37A6E0BB257FADC100FAB7DD /* Offer_62_LastRemaining_in_Circle.h */,
				37A6E0BC257FADC100FAB7DD /* Offer_62_LastRemaining_in_Circle.m */,
			);
			path = offer;
			sourceTree = "<group>";
		};
		37A79D94255D6AF60025A043 /* 二叉树 */ = {
			isa = PBXGroup;
			children = (
				37A79D8F255D6AF00025A043 /* BinaryTree.h */,
				37A79D90255D6AF00025A043 /* BinaryTree.m */,
			);
			path = "二叉树";
			sourceTree = "<group>";
		};
		37CF43782538357900CBBDEF = {
			isa = PBXGroup;
			children = (
				37CF43832538357900CBBDEF /* LeetCode */,
				37CF43822538357900CBBDEF /* Products */,
			);
			sourceTree = "<group>";
		};
		37CF43822538357900CBBDEF /* Products */ = {
			isa = PBXGroup;
			children = (
				37CF43812538357900CBBDEF /* LeetCode.app */,
			);
			name = Products;
			sourceTree = "<group>";
		};
		37CF43832538357900CBBDEF /* LeetCode */ = {
			isa = PBXGroup;
			children = (
				370E301A25550C86007FC789 /* 并查集 */,
				37CF439F2538362700CBBDEF /* 算法 */,
				37CF43A42538362700CBBDEF /* 链表 */,
				37CF43B92538362700CBBDEF /* 字符串 */,
				37CF43BE2538362700CBBDEF /* 栈 */,
				35CF22332543E2990044632E /* 排序 */,
				37A79D94255D6AF60025A043 /* 二叉树 */,
				37CF43842538357900CBBDEF /* AppDelegate.h */,
				37CF43852538357900CBBDEF /* AppDelegate.m */,
				37CF43872538357900CBBDEF /* SceneDelegate.h */,
				37CF43882538357900CBBDEF /* SceneDelegate.m */,
				37CF438A2538357900CBBDEF /* ViewController.h */,
				37CF438B2538357900CBBDEF /* ViewController.m */,
				37CF438D2538357900CBBDEF /* Main.storyboard */,
				37CF43902538357A00CBBDEF /* Assets.xcassets */,
				37CF43922538357A00CBBDEF /* LaunchScreen.storyboard */,
				37CF43952538357A00CBBDEF /* Info.plist */,
				37CF43962538357A00CBBDEF /* main.m */,
			);
			path = LeetCode;
			sourceTree = "<group>";
		};
		37CF439F2538362700CBBDEF /* 算法 */ = {
			isa = PBXGroup;
			children = (
				3790F9F025789C9200B2701E /* MyStack.h */,
				3790F9F125789C9200B2701E /* MyStack.m */,
				3790F9F525789D2200B2701E /* MyQueue.h */,
				3790F9F625789D2200B2701E /* MyQueue.m */,
				3790FA012578BCE200B2701E /* MyBTNode.h */,
				3790FA022578BCE200B2701E /* MyBTNode.m */,
				3776CDC82546DA70003C8105 /* 1_TwoSums.h */,
				3776CDC92546DA70003C8105 /* 1_TwoSums.m */,
				37CF43A12538362700CBBDEF /* 4_MedianofTwoSortedArrays.h */,
				37CF43A32538362700CBBDEF /* 4_MedianofTwoSortedArrays.c */,
				37A6E0C7258079F000FAB7DD /* _7_Reverse_Integer.h */,
				37A6E0C8258079F000FAB7DD /* _7_Reverse_Integer.m */,
				37FDFE922581F2A8006F8540 /* _11_ContainerWithMostWater.h */,
				37FDFE932581F2A8006F8540 /* _11_ContainerWithMostWater.m */,
				37C75B5625400B96006564C1 /* 15_ThreeSum.h */,
				37C75B5725400B96006564C1 /* 15_ThreeSum.m */,
				37C1EF3A2574EDE7002346A9 /* _16_16Sub_Sort_LCCI.h */,
				37C1EF3B2574EDE7002346A9 /* _16_16Sub_Sort_LCCI.m */,
				376CB650257E5BD200CF90F5 /* DFS  */,
				375921FA255FED470055F16E /* _42_Trapping_Rain_Water.h */,
				375921FB255FED470055F16E /* _42_Trapping_Rain_Water.m */,
				37A4DBC225679CF80010C9C9 /* _46_Permutations.h */,
				37A4DBC325679CF80010C9C9 /* _46_Permutations.m */,
				37A6E0BF257FB08800FAB7DD /* _50_My_Pow.h */,
				37A6E0C0257FB08800FAB7DD /* _50_My_Pow.m */,
				37A6E0C32580717300FAB7DD /* _54_Spiral_Matrix.h */,
				37A6E0C42580717300FAB7DD /* _54_Spiral_Matrix.m */,
				37C1EF5F25751B22002346A9 /* _51_N-Queens.h */,
				37C1EF6025751B22002346A9 /* _51_N-Queens.m */,
				3743DDCF258C602600E7880F /* _53_MaximumSubarray.h */,
				3743DDD0258C602600E7880F /* _53_MaximumSubarray.m */,
				37EBD8D425503B6200D726A5 /* 66_Plus_One.h */,
				37EBD8D525503B6200D726A5 /* 66_Plus_One.m */,
				37CF4419253838EC00CBBDEF /* 70_ClimbingStairs.h */,
				37CF441A253838EC00CBBDEF /* 70_ClimbingStairs.c */,
				37A8F7D0259AE28600F44465 /* _73_Set_Matrix_Zeroes.h */,
				37A8F7D1259AE28600F44465 /* _73_Set_Matrix_Zeroes.m */,
				378C9FA1254BC40500B64B92 /* 75_Sort_Colors.h */,
				378C9FA2254BC40500B64B92 /* 75_Sort_Colors.m */,
				3776CDD12547CC4B003C8105 /* 146_LRU_Cache.h */,
				3776CDD22547CC4B003C8105 /* 146_LRU_Cache.m */,
				373B97B62591B4C100054150 /* _153_FindMinimuminRotatedSortedArray.h */,
				373B97B72591B4C100054150 /* _153_FindMinimuminRotatedSortedArray.m */,
				37EBD94F2553D0B700D726A5 /* _167_TwoSum_2.h */,
				37EBD9502553D0B700D726A5 /* _167_TwoSum_2.m */,
				3776CDCD2546EF5E003C8105 /* 149_Max_Points_on_a_Line.h */,
				3776CDCE2546EF5E003C8105 /* 149_Max_Points_on_a_Line.m */,
				37A79D7C255B9AE30025A043 /* _179_Largest_Number.h */,
				37A79D7D255B9AE30025A043 /* _179_Largest_Number.m */,
				37A8F7B92599984E00F44465 /* _190_Reverse_Bits.h */,
				37A8F7BA2599984E00F44465 /* _190_Reverse_Bits.m */,
				37A8F7962599828E00F44465 /* _191_Number_of_1_Bits.h */,
				37A8F7972599828E00F44465 /* _191_Number_of_1_Bits.m */,
				37898B09259D78D200688E37 /* _200_NumberofIslands.h */,
				37898B0A259D78D200688E37 /* _200_NumberofIslands.m */,
				3545A4B2258EFA9100604654 /* _218_The_Skyline_Problem.h */,
				3545A4B3258EFA9100604654 /* _218_The_Skyline_Problem.m */,
				35197ECA2577065E009D5F0A /* _239_Sliding_Window_Maximum.h */,
				35197ECB2577065E009D5F0A /* _239_Sliding_Window_Maximum.m */,
				37FDFE6B2580BFFA006F8540 /* _252_MeetingRoom.h */,
				37FDFE6C2580BFFA006F8540 /* _252_MeetingRoom.m */,
				37FDFE6F2580C78B006F8540 /* _253_MeetingRoom_2.h */,
				37FDFE702580C78B006F8540 /* _253_MeetingRoom_2.m */,
				37018B8B257F5D0700EA658E /* _283_Move_Zeroes.h */,
				37018B8C257F5D0700EA658E /* _283_Move_Zeroes.m */,
				3743DDD4258C68DD00E7880F /* _300_Longest_Increasing_Subsequence.h */,
				3743DDD5258C68DD00E7880F /* _300_Longest_Increasing_Subsequence.m */,
				3545A50F258F3CB700604654 /* _378_KthSmallestElementinaSortedMatrix.h */,
				3545A510258F3CB700604654 /* _378_KthSmallestElementinaSortedMatrix.m */,
				373EA008259203A900B22510 /* _347_TopKFrequentElements.h */,
				373EA009259203A900B22510 /* _347_TopKFrequentElements.m */,
				35C9B1FF257C908F00CF3899 /* 动态规划 */,
				378C9F58254ACC5800B64B92 /* 380_Insert_Delete_GetRandom.h */,
				378C9F59254ACC5800B64B92 /* 380_Insert_Delete_GetRandom.m */,
				3790F9EC257891D900B2701E /* _739_DailyTeampreture.h */,
				3790F9ED257891D900B2701E /* _739_DailyTeampreture.m */,
				37D01D4C255A866D007B297E /* _768_Max_Chunks_To_Make_Sorted2.h */,
				37D01D4D255A866D007B297E /* _768_Max_Chunks_To_Make_Sorted2.m */,
				37EBD94B2553A64600D726A5 /* _1381_Design_a_Stack_With_Increment_Operation.h */,
				37EBD94C2553A64600D726A5 /* _1381_Design_a_Stack_With_Increment_Operation.m */,
			);
			path = "算法";
			sourceTree = "<group>";
		};
		37CF43A42538362700CBBDEF /* 链表 */ = {
			isa = PBXGroup;
			children = (
				37CF43B52538362700CBBDEF /* ListNode_C.h */,
				37CF43A82538362700CBBDEF /* ListNode_C.c */,
				37CF43A52538362700CBBDEF /* 2_AddTwoNumbers.h */,
				37CF43AF2538362700CBBDEF /* 2_AddTwoNumbers.c */,
				37CF43A62538362700CBBDEF /* 19_RemoveNthNodeFromEndofList.h */,
				37CF43B02538362700CBBDEF /* 19_RemoveNthNodeFromEndofList.c */,
				37CF43AC2538362700CBBDEF /* 21_MergeTwoSortedList.h */,
				37CF43B32538362700CBBDEF /* 21_MergeTwoSortedList.c */,
				3721396F25667DBA00739C1D /* _23_Merge_k_Sorted_Lists.h */,
				3721397025667DBA00739C1D /* _23_Merge_k_Sorted_Lists.m */,
				37D01D50255AB80C007B297E /* _24_Swap_Nodes_in_Pairs.h */,
				37D01D51255AB80C007B297E /* _24_Swap_Nodes_in_Pairs.m */,
				37CF43AE2538362700CBBDEF /* 61_RotateList.h */,
				37CF43B72538362700CBBDEF /* 61_RotateList.c */,
				37CF43AB2538362700CBBDEF /* 82_RemoveDuplicatesfromSortedList2.h */,
				37CF43B42538362700CBBDEF /* 82_RemoveDuplicatesfromSortedList2.c */,
				37C1EF6425760199002346A9 /* _86_Partition_List.h */,
				37C1EF6525760199002346A9 /* _86_Partition_List.m */,
				37A79D84255C10C10025A043 /* _108_Convert_Sorted_Array_to_Binary_Search_Tree.h */,
				37A79D85255C10C10025A043 /* _108_Convert_Sorted_Array_to_Binary_Search_Tree.m */,
				37A79D80255C09690025A043 /* _109_Convert_Sorted_List_to_Binary_Search_Tree.h */,
				37A79D81255C09690025A043 /* _109_Convert_Sorted_List_to_Binary_Search_Tree.m */,
				37CF43AA2538362700CBBDEF /* 141_LinkedListCycle.h */,
				37CF43B12538362700CBBDEF /* 141_LinkedListCycle.c */,
				37F850CA259764E600BF6B61 /* _148_Sort_List.h */,
				37F850CB259764E600BF6B61 /* _148_Sort_List.m */,
				37A79D88255D19BD0025A043 /* _160_Intersection_of_Two_Linked_Lists.h */,
				37A79D89255D19BD0025A043 /* _160_Intersection_of_Two_Linked_Lists.m */,
				37CF43A72538362700CBBDEF /* 203_RemoveLinkedListElements.h */,
				37CF43B62538362700CBBDEF /* 203_RemoveLinkedListElements.c */,
				37CF43AD2538362700CBBDEF /* 206_ReverseLinkedList.h */,
				37CF43B82538362700CBBDEF /* 206_ReverseLinkedList.c */,
				37D01D54255AC458007B297E /* _234_Palindrome_Linked_List.h */,
				37D01D55255AC458007B297E /* _234_Palindrome_Linked_List.m */,
				37CF43A92538362700CBBDEF /* 237_DeleteNodeinLinkedList.h */,
				37CF43B22538362700CBBDEF /* 237_DeleteNodeinLinkedList.c */,
				37EBD9582553DACD00D726A5 /* _876_Middle_of_the_Linked_List.h */,
				37EBD9592553DACD00D726A5 /* _876_Middle_of_the_Linked_List.m */,
			);
			path = "链表";
			sourceTree = "<group>";
		};
		37CF43B92538362700CBBDEF /* 字符串 */ = {
			isa = PBXGroup;
			children = (
				373632C825413C7C0039E4A6 /* 3_LongestSubstringWithoutRepeatingCharacters.h */,
				373632C925413C7C0039E4A6 /* 3_LongestSubstringWithoutRepeatingCharacters.m */,
				3736330525419FB20039E4A6 /* 8_StringtoInteger.h */,
				3736330625419FB20039E4A6 /* 8_StringtoInteger.m */,
				37CF43BD2538362700CBBDEF /* 5_LongestPalindromicSubstring.h */,
				37CF43BB2538362700CBBDEF /* 5_LongestPalindromicSubstring.c */,
				37EBD7A2254FAAD600D726A5 /* 28_Implement_strStr.h */,
				37EBD7A3254FAAD600D726A5 /* 28_Implement_strStr.m */,
				3790FA1F2579DC3500B2701E /* _151_Reverse_Words_in_a_String.h */,
				3790FA202579DC3500B2701E /* _151_Reverse_Words_in_a_String.m */,
				3790FA232579EEBC00B2701E /* _242_Valid_Anagram.h */,
				3790FA242579EEBC00B2701E /* _242_Valid_Anagram.m */,
				37EBD9532553D2FD00D726A5 /* _344_Reverse_String.h */,
				37EBD9542553D2FD00D726A5 /* _344_Reverse_String.m */,
				370E306425556C3E007FC789 /* _394_Decode_String.h */,
				370E306525556C3F007FC789 /* _394_Decode_String.m */,
				3790F9FD2578BA5C00B2701E /* _572_Subtree_of_Another_Tree.h */,
				3790F9FE2578BA5C00B2701E /* _572_Subtree_of_Another_Tree.m */,
				37EBD8D82550FE9C00D726A5 /* _821_Shortest_Distance_to_a_Character.h */,
				37EBD8D92550FE9C00D726A5 /* _821_Shortest_Distance_to_a_Character.m */,
				37CF43BA2538362700CBBDEF /* 1002_Find_Common_Characters.h */,
				37CF43BC2538362700CBBDEF /* 1002_Find_Common_Characters.c */,
				3790F9F92578A38B00B2701E /* _01_09_String_Rotation_LCCI.h */,
				3790F9FA2578A38B00B2701E /* _01_09_String_Rotation_LCCI.m */,
			);
			path = "字符串";
			sourceTree = "<group>";
		};
		37CF43BE2538362700CBBDEF /* 栈 */ = {
			isa = PBXGroup;
			children = (
				37CF43BF2538362700CBBDEF /* 20_ValidParentheses.h */,
				37CF43C02538362700CBBDEF /* 20_ValidParentheses.c */,
				35197EC625768B71009D5F0A /* _155_Min_Stack.h */,
				35197EC725768B71009D5F0A /* _155_Min_Stack.m */,
				37D01C68255A405F007B297E /* _225_Implement_Stack_using_Queues.h */,
				37D01C69255A405F007B297E /* _225_Implement_Stack_using_Queues.m */,
				37D01C64255A3764007B297E /* _232_Implement_Queue_using_Stacks.h */,
				37D01C65255A3764007B297E /* _232_Implement_Queue_using_Stacks.m */,
			);
			path = "栈";
			sourceTree = "<group>";
		};
		37EBD9282551894000D726A5 /* resource */ = {
			isa = PBXGroup;
			children = (
				37EBD9292551894000D726A5 /* 01.png */,
			);
			path = resource;
			sourceTree = "<group>";
		};
/* End PBXGroup section */

/* Begin PBXNativeTarget section */
		37CF43802538357900CBBDEF /* LeetCode */ = {
			isa = PBXNativeTarget;
			buildConfigurationList = 37CF439A2538357A00CBBDEF /* Build configuration list for PBXNativeTarget "LeetCode" */;
			buildPhases = (
				37CF437D2538357900CBBDEF /* Sources */,
				37CF437E2538357900CBBDEF /* Frameworks */,
				37CF437F2538357900CBBDEF /* Resources */,
			);
			buildRules = (
			);
			dependencies = (
			);
			name = LeetCode;
			productName = LeetCode;
			productReference = 37CF43812538357900CBBDEF /* LeetCode.app */;
			productType = "com.apple.product-type.application";
		};
/* End PBXNativeTarget section */

/* Begin PBXProject section */
		37CF43792538357900CBBDEF /* Project object */ = {
			isa = PBXProject;
			attributes = {
				LastUpgradeCheck = 1200;
				TargetAttributes = {
					37CF43802538357900CBBDEF = {
						CreatedOnToolsVersion = 12.0.1;
					};
				};
			};
			buildConfigurationList = 37CF437C2538357900CBBDEF /* Build configuration list for PBXProject "LeetCode" */;
			compatibilityVersion = "Xcode 9.3";
			developmentRegion = en;
			hasScannedForEncodings = 0;
			knownRegions = (
				en,
				Base,
			);
			mainGroup = 37CF43782538357900CBBDEF;
			productRefGroup = 37CF43822538357900CBBDEF /* Products */;
			projectDirPath = "";
			projectRoot = "";
			targets = (
				37CF43802538357900CBBDEF /* LeetCode */,
			);
		};
/* End PBXProject section */

/* Begin PBXResourcesBuildPhase section */
		37CF437F2538357900CBBDEF /* Resources */ = {
			isa = PBXResourcesBuildPhase;
			buildActionMask = 2147483647;
			files = (
				37CF43942538357A00CBBDEF /* LaunchScreen.storyboard in Resources */,
				37CF43912538357A00CBBDEF /* Assets.xcassets in Resources */,
				37EBD92A2551894000D726A5 /* 01.png in Resources */,
				37CF438F2538357900CBBDEF /* Main.storyboard in Resources */,
			);
			runOnlyForDeploymentPostprocessing = 0;
		};
/* End PBXResourcesBuildPhase section */

/* Begin PBXSourcesBuildPhase section */
		37CF437D2538357900CBBDEF /* Sources */ = {
			isa = PBXSourcesBuildPhase;
			buildActionMask = 2147483647;
			files = (
				376CB655257E604B00CF90F5 /* _17_LetterCombinationsofaPhoneNumber.m in Sources */,
				37A6E0BD257FADC100FAB7DD /* Offer_62_LastRemaining_in_Circle.m in Sources */,
				373EA00F25920C3B00B22510 /* BinaryHeap.m in Sources */,
				37EBD95A2553DACD00D726A5 /* _876_Middle_of_the_Linked_List.m in Sources */,
				373EA00A259203A900B22510 /* _347_TopKFrequentElements.m in Sources */,
				37EBD8D625503B6200D726A5 /* 66_Plus_One.m in Sources */,
				378C9F5A254ACC5800B64B92 /* 380_Insert_Delete_GetRandom.m in Sources */,
				3757DD80257B46FE000AE195 /* _Offer_47_Max_value_Of_Gift.m in Sources */,
				37CF438C2538357900CBBDEF /* ViewController.m in Sources */,
				3545A511258F3CB700604654 /* _378_KthSmallestElementinaSortedMatrix.m in Sources */,
				370E303225550C86007FC789 /* UnionFind_QU.m in Sources */,
				37CF43CB2538362700CBBDEF /* 61_RotateList.c in Sources */,
				37CF43CE2538362700CBBDEF /* 1002_Find_Common_Characters.c in Sources */,
				35C9B1FD257C906B00CF3899 /* _322_Coin_Change.m in Sources */,
				35836D2425452C7F006A1BF3 /* BubbleSort2.m in Sources */,
				37F850CC259764E600BF6B61 /* _148_Sort_List.m in Sources */,
				35C9B1F9257C708A00CF3899 /* _72_Edit_Distance.m in Sources */,
				3776CDCA2546DA70003C8105 /* 1_TwoSums.m in Sources */,
				37A79D7E255B9AE30025A043 /* _179_Largest_Number.m in Sources */,
				37018B8D257F5D0700EA658E /* _283_Move_Zeroes.m in Sources */,
				37FDFE942581F2A8006F8540 /* _11_ContainerWithMostWater.m in Sources */,
				376CB64E257E5BCD00CF90F5 /* _22_GenerateParentheses.m in Sources */,
				35836D2C25452CD8006A1BF3 /* Sort.m in Sources */,
				3790F9F725789D2200B2701E /* MyQueue.m in Sources */,
				3790F9FF2578BA5C00B2701E /* _572_Subtree_of_Another_Tree.m in Sources */,
				378C9FA3254BC40500B64B92 /* 75_Sort_Colors.m in Sources */,
				370E302E25550C86007FC789 /* UnionFind_QU_Rank_Path_Split.m in Sources */,
				37CF43C42538362700CBBDEF /* 2_AddTwoNumbers.c in Sources */,
				37EBD8DA2550FE9D00D726A5 /* _821_Shortest_Distance_to_a_Character.m in Sources */,
				37667170257BB0320034C561 /* _121_Best_Time_to_Buy_and_Sell_Stock.m in Sources */,
				3790FA252579EEBC00B2701E /* _242_Valid_Anagram.m in Sources */,
				370E302D25550C86007FC789 /* UnionFind_QU_Rank_Path.m in Sources */,
				37A4DBC425679CF80010C9C9 /* _46_Permutations.m in Sources */,
				370E303125550C86007FC789 /* UnionFind_QU_Rank_Path_Halving.m in Sources */,
				37CF43C52538362700CBBDEF /* 19_RemoveNthNodeFromEndofList.c in Sources */,
				37EBD9252551846800D726A5 /* ShellSort.m in Sources */,
				35CF22312543E2910044632E /* BubbleSort1.m in Sources */,
				375921FC255FED470055F16E /* _42_Trapping_Rain_Water.m in Sources */,
				37A6E0C52580717300FAB7DD /* _54_Spiral_Matrix.m in Sources */,
				37CF43CD2538362700CBBDEF /* 5_LongestPalindromicSubstring.c in Sources */,
				37A79D82255C09690025A043 /* _109_Convert_Sorted_List_to_Binary_Search_Tree.m in Sources */,
				37CF43C62538362700CBBDEF /* 141_LinkedListCycle.c in Sources */,
				3586A3FC2545632300CD2C61 /* BubbleSort3.m in Sources */,
				37EBD9552553D2FD00D726A5 /* _344_Reverse_String.m in Sources */,
				37A6E0C1257FB08800FAB7DD /* _50_My_Pow.m in Sources */,
				37CF43C82538362700CBBDEF /* 21_MergeTwoSortedList.c in Sources */,
				35197EC825768B71009D5F0A /* _155_Min_Stack.m in Sources */,
				3564FE55254E4A4800230505 /* BinarySearch.m in Sources */,
				3564FE5D254E719500230505 /* QuickSort.m in Sources */,
				37898B0B259D78D200688E37 /* _200_NumberofIslands.m in Sources */,
				3776CDD32547CC4C003C8105 /* 146_LRU_Cache.m in Sources */,
				37A8F7982599828E00F44465 /* _191_Number_of_1_Bits.m in Sources */,
				37A8F7BB2599984E00F44465 /* _190_Reverse_Bits.m in Sources */,
				370E306625556C3F007FC789 /* _394_Decode_String.m in Sources */,
				378C99AE254925FD00B64B92 /* SelectSort.m in Sources */,
				37CF441B253838EC00CBBDEF /* 70_ClimbingStairs.c in Sources */,
				3776CDCF2546EF5E003C8105 /* 149_Max_Points_on_a_Line.m in Sources */,
				37FDFE712580C78B006F8540 /* _253_MeetingRoom_2.m in Sources */,
				37EBD94D2553A64600D726A5 /* _1381_Design_a_Stack_With_Increment_Operation.m in Sources */,
				37D01D4E255A866D007B297E /* _768_Max_Chunks_To_Make_Sorted2.m in Sources */,
				37CF43862538357900CBBDEF /* AppDelegate.m in Sources */,
				373B97B82591B4C100054150 /* _153_FindMinimuminRotatedSortedArray.m in Sources */,
				37D01D56255AC458007B297E /* _234_Palindrome_Linked_List.m in Sources */,
				37CF43C72538362700CBBDEF /* 237_DeleteNodeinLinkedList.c in Sources */,
				3790FA212579DC3500B2701E /* _151_Reverse_Words_in_a_String.m in Sources */,
				3790F9F225789C9200B2701E /* MyStack.m in Sources */,
				37A6E0C9258079F000FAB7DD /* _7_Reverse_Integer.m in Sources */,
				3790FA032578BCE200B2701E /* MyBTNode.m in Sources */,
				37CF43C92538362700CBBDEF /* 82_RemoveDuplicatesfromSortedList2.c in Sources */,
				37FDFE6D2580BFFA006F8540 /* _252_MeetingRoom.m in Sources */,
				378C998B2549112D00B64B92 /* HeapSort.m in Sources */,
				3790F9FB2578A38B00B2701E /* _01_09_String_Rotation_LCCI.m in Sources */,
				37CF43CF2538362700CBBDEF /* 20_ValidParentheses.c in Sources */,
				378C9FAF254C1E3000B64B92 /* InsertSort.m in Sources */,
				37CF43C22538362700CBBDEF /* 4_MedianofTwoSortedArrays.c in Sources */,
				37EBD7A4254FAAD600D726A5 /* 28_Implement_strStr.m in Sources */,
				370E302B25550C86007FC789 /* UnionFind.m in Sources */,
				370E302F25550C86007FC789 /* UnionFind_QU_Rank.m in Sources */,
				373632CA25413C7C0039E4A6 /* 3_LongestSubstringWithoutRepeatingCharacters.m in Sources */,
				37CF43972538357A00CBBDEF /* main.m in Sources */,
				370E302C25550C86007FC789 /* UnionFind_QU_Size.m in Sources */,
				37CF43C32538362700CBBDEF /* ListNode_C.c in Sources */,
				35197ECC2577065E009D5F0A /* _239_Sliding_Window_Maximum.m in Sources */,
				37C1EF6125751B22002346A9 /* _51_N-Queens.m in Sources */,
				37A79D86255C10C10025A043 /* _108_Convert_Sorted_Array_to_Binary_Search_Tree.m in Sources */,
				3545A4B4258EFA9100604654 /* _218_The_Skyline_Problem.m in Sources */,
				37D01C6A255A405F007B297E /* _225_Implement_Stack_using_Queues.m in Sources */,
				37C1EF3C2574EDE7002346A9 /* _16_16Sub_Sort_LCCI.m in Sources */,
				37CF43892538357900CBBDEF /* SceneDelegate.m in Sources */,
				37CF43CC2538362700CBBDEF /* 206_ReverseLinkedList.c in Sources */,
				3743DDD6258C68DD00E7880F /* _300_Longest_Increasing_Subsequence.m in Sources */,
				3736330725419FB20039E4A6 /* 8_StringtoInteger.m in Sources */,
				3790F9EE257891D900B2701E /* _739_DailyTeampreture.m in Sources */,
				3564FE59254E5E2600230505 /* MergeSort.m in Sources */,
				37C75B5825400B96006564C1 /* 15_ThreeSum.m in Sources */,
				370E303025550C86007FC789 /* UnionFind_QF.m in Sources */,
				37C1EF6625760199002346A9 /* _86_Partition_List.m in Sources */,
				37EBD9512553D0B700D726A5 /* _167_TwoSum_2.m in Sources */,
				37A79D91255D6AF00025A043 /* BinaryTree.m in Sources */,
				37D01D52255AB80C007B297E /* _24_Swap_Nodes_in_Pairs.m in Sources */,
				3721397125667DBA00739C1D /* _23_Merge_k_Sorted_Lists.m in Sources */,
				37CF43CA2538362700CBBDEF /* 203_RemoveLinkedListElements.c in Sources */,
				3743DDD1258C602600E7880F /* _53_MaximumSubarray.m in Sources */,
				37D01C66255A3764007B297E /* _232_Implement_Queue_using_Stacks.m in Sources */,
				37A8F7D2259AE28600F44465 /* _73_Set_Matrix_Zeroes.m in Sources */,
				37A79D8A255D19BD0025A043 /* _160_Intersection_of_Two_Linked_Lists.m in Sources */,
			);
			runOnlyForDeploymentPostprocessing = 0;
		};
/* End PBXSourcesBuildPhase section */

/* Begin PBXVariantGroup section */
		37CF438D2538357900CBBDEF /* Main.storyboard */ = {
			isa = PBXVariantGroup;
			children = (
				37CF438E2538357900CBBDEF /* Base */,
			);
			name = Main.storyboard;
			sourceTree = "<group>";
		};
		37CF43922538357A00CBBDEF /* LaunchScreen.storyboard */ = {
			isa = PBXVariantGroup;
			children = (
				37CF43932538357A00CBBDEF /* Base */,
			);
			name = LaunchScreen.storyboard;
			sourceTree = "<group>";
		};
/* End PBXVariantGroup section */

/* Begin XCBuildConfiguration section */
		37CF43982538357A00CBBDEF /* Debug */ = {
			isa = XCBuildConfiguration;
			buildSettings = {
				ALWAYS_SEARCH_USER_PATHS = NO;
				CLANG_ANALYZER_NONNULL = YES;
				CLANG_ANALYZER_NUMBER_OBJECT_CONVERSION = YES_AGGRESSIVE;
				CLANG_CXX_LANGUAGE_STANDARD = "gnu++14";
				CLANG_CXX_LIBRARY = "libc++";
				CLANG_ENABLE_MODULES = YES;
				CLANG_ENABLE_OBJC_ARC = YES;
				CLANG_ENABLE_OBJC_WEAK = YES;
				CLANG_WARN_BLOCK_CAPTURE_AUTORELEASING = YES;
				CLANG_WARN_BOOL_CONVERSION = YES;
				CLANG_WARN_COMMA = YES;
				CLANG_WARN_CONSTANT_CONVERSION = YES;
				CLANG_WARN_DEPRECATED_OBJC_IMPLEMENTATIONS = YES;
				CLANG_WARN_DIRECT_OBJC_ISA_USAGE = YES_ERROR;
				CLANG_WARN_DOCUMENTATION_COMMENTS = YES;
				CLANG_WARN_EMPTY_BODY = YES;
				CLANG_WARN_ENUM_CONVERSION = YES;
				CLANG_WARN_INFINITE_RECURSION = YES;
				CLANG_WARN_INT_CONVERSION = YES;
				CLANG_WARN_NON_LITERAL_NULL_CONVERSION = YES;
				CLANG_WARN_OBJC_IMPLICIT_RETAIN_SELF = YES;
				CLANG_WARN_OBJC_LITERAL_CONVERSION = YES;
				CLANG_WARN_OBJC_ROOT_CLASS = YES_ERROR;
				CLANG_WARN_QUOTED_INCLUDE_IN_FRAMEWORK_HEADER = YES;
				CLANG_WARN_RANGE_LOOP_ANALYSIS = YES;
				CLANG_WARN_STRICT_PROTOTYPES = YES;
				CLANG_WARN_SUSPICIOUS_MOVE = YES;
				CLANG_WARN_UNGUARDED_AVAILABILITY = YES_AGGRESSIVE;
				CLANG_WARN_UNREACHABLE_CODE = YES;
				CLANG_WARN__DUPLICATE_METHOD_MATCH = YES;
				COPY_PHASE_STRIP = NO;
				DEBUG_INFORMATION_FORMAT = dwarf;
				ENABLE_STRICT_OBJC_MSGSEND = YES;
				ENABLE_TESTABILITY = YES;
				GCC_C_LANGUAGE_STANDARD = gnu11;
				GCC_DYNAMIC_NO_PIC = NO;
				GCC_NO_COMMON_BLOCKS = YES;
				GCC_OPTIMIZATION_LEVEL = 0;
				GCC_PREPROCESSOR_DEFINITIONS = (
					"DEBUG=1",
					"$(inherited)",
				);
				GCC_WARN_64_TO_32_BIT_CONVERSION = YES;
				GCC_WARN_ABOUT_RETURN_TYPE = YES_ERROR;
				GCC_WARN_UNDECLARED_SELECTOR = YES;
				GCC_WARN_UNINITIALIZED_AUTOS = YES_AGGRESSIVE;
				GCC_WARN_UNUSED_FUNCTION = YES;
				GCC_WARN_UNUSED_VARIABLE = YES;
				IPHONEOS_DEPLOYMENT_TARGET = 14.0;
				MTL_ENABLE_DEBUG_INFO = INCLUDE_SOURCE;
				MTL_FAST_MATH = YES;
				ONLY_ACTIVE_ARCH = YES;
				SDKROOT = iphoneos;
			};
			name = Debug;
		};
		37CF43992538357A00CBBDEF /* Release */ = {
			isa = XCBuildConfiguration;
			buildSettings = {
				ALWAYS_SEARCH_USER_PATHS = NO;
				CLANG_ANALYZER_NONNULL = YES;
				CLANG_ANALYZER_NUMBER_OBJECT_CONVERSION = YES_AGGRESSIVE;
				CLANG_CXX_LANGUAGE_STANDARD = "gnu++14";
				CLANG_CXX_LIBRARY = "libc++";
				CLANG_ENABLE_MODULES = YES;
				CLANG_ENABLE_OBJC_ARC = YES;
				CLANG_ENABLE_OBJC_WEAK = YES;
				CLANG_WARN_BLOCK_CAPTURE_AUTORELEASING = YES;
				CLANG_WARN_BOOL_CONVERSION = YES;
				CLANG_WARN_COMMA = YES;
				CLANG_WARN_CONSTANT_CONVERSION = YES;
				CLANG_WARN_DEPRECATED_OBJC_IMPLEMENTATIONS = YES;
				CLANG_WARN_DIRECT_OBJC_ISA_USAGE = YES_ERROR;
				CLANG_WARN_DOCUMENTATION_COMMENTS = YES;
				CLANG_WARN_EMPTY_BODY = YES;
				CLANG_WARN_ENUM_CONVERSION = YES;
				CLANG_WARN_INFINITE_RECURSION = YES;
				CLANG_WARN_INT_CONVERSION = YES;
				CLANG_WARN_NON_LITERAL_NULL_CONVERSION = YES;
				CLANG_WARN_OBJC_IMPLICIT_RETAIN_SELF = YES;
				CLANG_WARN_OBJC_LITERAL_CONVERSION = YES;
				CLANG_WARN_OBJC_ROOT_CLASS = YES_ERROR;
				CLANG_WARN_QUOTED_INCLUDE_IN_FRAMEWORK_HEADER = YES;
				CLANG_WARN_RANGE_LOOP_ANALYSIS = YES;
				CLANG_WARN_STRICT_PROTOTYPES = YES;
				CLANG_WARN_SUSPICIOUS_MOVE = YES;
				CLANG_WARN_UNGUARDED_AVAILABILITY = YES_AGGRESSIVE;
				CLANG_WARN_UNREACHABLE_CODE = YES;
				CLANG_WARN__DUPLICATE_METHOD_MATCH = YES;
				COPY_PHASE_STRIP = NO;
				DEBUG_INFORMATION_FORMAT = "dwarf-with-dsym";
				ENABLE_NS_ASSERTIONS = NO;
				ENABLE_STRICT_OBJC_MSGSEND = YES;
				GCC_C_LANGUAGE_STANDARD = gnu11;
				GCC_NO_COMMON_BLOCKS = YES;
				GCC_WARN_64_TO_32_BIT_CONVERSION = YES;
				GCC_WARN_ABOUT_RETURN_TYPE = YES_ERROR;
				GCC_WARN_UNDECLARED_SELECTOR = YES;
				GCC_WARN_UNINITIALIZED_AUTOS = YES_AGGRESSIVE;
				GCC_WARN_UNUSED_FUNCTION = YES;
				GCC_WARN_UNUSED_VARIABLE = YES;
				IPHONEOS_DEPLOYMENT_TARGET = 14.0;
				MTL_ENABLE_DEBUG_INFO = NO;
				MTL_FAST_MATH = YES;
				SDKROOT = iphoneos;
				VALIDATE_PRODUCT = YES;
			};
			name = Release;
		};
		37CF439B2538357A00CBBDEF /* Debug */ = {
			isa = XCBuildConfiguration;
			buildSettings = {
				ASSETCATALOG_COMPILER_APPICON_NAME = AppIcon;
				ASSETCATALOG_COMPILER_GLOBAL_ACCENT_COLOR_NAME = AccentColor;
				CODE_SIGN_STYLE = Automatic;
				DEVELOPMENT_TEAM = XUC32UBH2K;
				INFOPLIST_FILE = LeetCode/Info.plist;
				LD_RUNPATH_SEARCH_PATHS = (
					"$(inherited)",
					"@executable_path/Frameworks",
				);
				PRODUCT_BUNDLE_IDENTIFIER = Albert.LeetCode;
				PRODUCT_NAME = "$(TARGET_NAME)";
				TARGETED_DEVICE_FAMILY = "1,2";
			};
			name = Debug;
		};
		37CF439C2538357A00CBBDEF /* Release */ = {
			isa = XCBuildConfiguration;
			buildSettings = {
				ASSETCATALOG_COMPILER_APPICON_NAME = AppIcon;
				ASSETCATALOG_COMPILER_GLOBAL_ACCENT_COLOR_NAME = AccentColor;
				CODE_SIGN_STYLE = Automatic;
				DEVELOPMENT_TEAM = XUC32UBH2K;
				INFOPLIST_FILE = LeetCode/Info.plist;
				LD_RUNPATH_SEARCH_PATHS = (
					"$(inherited)",
					"@executable_path/Frameworks",
				);
				PRODUCT_BUNDLE_IDENTIFIER = Albert.LeetCode;
				PRODUCT_NAME = "$(TARGET_NAME)";
				TARGETED_DEVICE_FAMILY = "1,2";
			};
			name = Release;
		};
/* End XCBuildConfiguration section */

/* Begin XCConfigurationList section */
		37CF437C2538357900CBBDEF /* Build configuration list for PBXProject "LeetCode" */ = {
			isa = XCConfigurationList;
			buildConfigurations = (
				37CF43982538357A00CBBDEF /* Debug */,
				37CF43992538357A00CBBDEF /* Release */,
			);
			defaultConfigurationIsVisible = 0;
			defaultConfigurationName = Release;
		};
		37CF439A2538357A00CBBDEF /* Build configuration list for PBXNativeTarget "LeetCode" */ = {
			isa = XCConfigurationList;
			buildConfigurations = (
				37CF439B2538357A00CBBDEF /* Debug */,
				37CF439C2538357A00CBBDEF /* Release */,
			);
			defaultConfigurationIsVisible = 0;
			defaultConfigurationName = Release;
		};
/* End XCConfigurationList section */
	};
	rootObject = 37CF43792538357900CBBDEF /* Project object */;
}
