// !$*UTF8*$!
{
	archiveVersion = 1;
	classes = {
	};
	objectVersion = 50;
	objects = {

/* Begin PBXBuildFile section */
		376074E225208B9B007C5556 /* MJInorderPrinter.m in Sources */ = {isa = PBXBuildFile; fileRef = 376074D925208B9B007C5556 /* MJInorderPrinter.m */; };
		376074E325208B9B007C5556 /* MJLevelOrderPrinter.m in Sources */ = {isa = PBXBuildFile; fileRef = 376074DB25208B9B007C5556 /* MJLevelOrderPrinter.m */; };
		376074E425208B9B007C5556 /* MJPrinter.m in Sources */ = {isa = PBXBuildFile; fileRef = 376074DC25208B9B007C5556 /* MJPrinter.m */; };
		376074E525208B9B007C5556 /* MJBinaryTrees.m in Sources */ = {isa = PBXBuildFile; fileRef = 376074E025208B9B007C5556 /* MJBinaryTrees.m */; };
		376074E625208B9B007C5556 /* NSString+Trees.m in Sources */ = {isa = PBXBuildFile; fileRef = 376074E125208B9B007C5556 /* NSString+Trees.m */; };
		D1BF654A2331092D000E877E /* AppDelegate.m in Sources */ = {isa = PBXBuildFile; fileRef = D1BF65492331092D000E877E /* AppDelegate.m */; };
		D1BF654D2331092D000E877E /* ViewController.m in Sources */ = {isa = PBXBuildFile; fileRef = D1BF654C2331092D000E877E /* ViewController.m */; };
		D1BF65502331092D000E877E /* Main.storyboard in Resources */ = {isa = PBXBuildFile; fileRef = D1BF654E2331092D000E877E /* Main.storyboard */; };
		D1BF65522331092E000E877E /* Assets.xcassets in Resources */ = {isa = PBXBuildFile; fileRef = D1BF65512331092E000E877E /* Assets.xcassets */; };
		D1BF65552331092E000E877E /* LaunchScreen.storyboard in Resources */ = {isa = PBXBuildFile; fileRef = D1BF65532331092E000E877E /* LaunchScreen.storyboard */; };
		D1BF65582331092E000E877E /* main.m in Sources */ = {isa = PBXBuildFile; fileRef = D1BF65572331092E000E877E /* main.m */; };
		D1BF6560233109AC000E877E /* BinarySearchTree.c in Sources */ = {isa = PBXBuildFile; fileRef = D1BF655F233109AC000E877E /* BinarySearchTree.c */; };
/* End PBXBuildFile section */

/* Begin PBXFileReference section */
		376074D625208B9B007C5556 /* MJBinaryTrees.h */ = {isa = PBXFileReference; fileEncoding = 4; lastKnownFileType = sourcecode.c.h; path = MJBinaryTrees.h; sourceTree = "<group>"; };
		376074D825208B9B007C5556 /* MJLevelOrderPrinter.h */ = {isa = PBXFileReference; fileEncoding = 4; lastKnownFileType = sourcecode.c.h; path = MJLevelOrderPrinter.h; sourceTree = "<group>"; };
		376074D925208B9B007C5556 /* MJInorderPrinter.m */ = {isa = PBXFileReference; fileEncoding = 4; lastKnownFileType = sourcecode.c.objc; path = MJInorderPrinter.m; sourceTree = "<group>"; };
		376074DA25208B9B007C5556 /* MJPrinter.h */ = {isa = PBXFileReference; fileEncoding = 4; lastKnownFileType = sourcecode.c.h; path = MJPrinter.h; sourceTree = "<group>"; };
		376074DB25208B9B007C5556 /* MJLevelOrderPrinter.m */ = {isa = PBXFileReference; fileEncoding = 4; lastKnownFileType = sourcecode.c.objc; path = MJLevelOrderPrinter.m; sourceTree = "<group>"; };
		376074DC25208B9B007C5556 /* MJPrinter.m */ = {isa = PBXFileReference; fileEncoding = 4; lastKnownFileType = sourcecode.c.objc; path = MJPrinter.m; sourceTree = "<group>"; };
		376074DD25208B9B007C5556 /* MJInorderPrinter.h */ = {isa = PBXFileReference; fileEncoding = 4; lastKnownFileType = sourcecode.c.h; path = MJInorderPrinter.h; sourceTree = "<group>"; };
		376074DE25208B9B007C5556 /* NSString+Trees.h */ = {isa = PBXFileReference; fileEncoding = 4; lastKnownFileType = sourcecode.c.h; path = "NSString+Trees.h"; sourceTree = "<group>"; };
		376074DF25208B9B007C5556 /* MJBinaryTreeInfo.h */ = {isa = PBXFileReference; fileEncoding = 4; lastKnownFileType = sourcecode.c.h; path = MJBinaryTreeInfo.h; sourceTree = "<group>"; };
		376074E025208B9B007C5556 /* MJBinaryTrees.m */ = {isa = PBXFileReference; fileEncoding = 4; lastKnownFileType = sourcecode.c.objc; path = MJBinaryTrees.m; sourceTree = "<group>"; };
		376074E125208B9B007C5556 /* NSString+Trees.m */ = {isa = PBXFileReference; fileEncoding = 4; lastKnownFileType = sourcecode.c.objc; path = "NSString+Trees.m"; sourceTree = "<group>"; };
		D1BF65452331092D000E877E /* 二叉搜索树.app */ = {isa = PBXFileReference; explicitFileType = wrapper.application; includeInIndex = 0; path = "二叉搜索树.app"; sourceTree = BUILT_PRODUCTS_DIR; };
		D1BF65482331092D000E877E /* AppDelegate.h */ = {isa = PBXFileReference; lastKnownFileType = sourcecode.c.h; path = AppDelegate.h; sourceTree = "<group>"; };
		D1BF65492331092D000E877E /* AppDelegate.m */ = {isa = PBXFileReference; lastKnownFileType = sourcecode.c.objc; path = AppDelegate.m; sourceTree = "<group>"; };
		D1BF654B2331092D000E877E /* ViewController.h */ = {isa = PBXFileReference; lastKnownFileType = sourcecode.c.h; path = ViewController.h; sourceTree = "<group>"; };
		D1BF654C2331092D000E877E /* ViewController.m */ = {isa = PBXFileReference; lastKnownFileType = sourcecode.c.objc; path = ViewController.m; sourceTree = "<group>"; };
		D1BF654F2331092D000E877E /* Base */ = {isa = PBXFileReference; lastKnownFileType = file.storyboard; name = Base; path = Base.lproj/Main.storyboard; sourceTree = "<group>"; };
		D1BF65512331092E000E877E /* Assets.xcassets */ = {isa = PBXFileReference; lastKnownFileType = folder.assetcatalog; path = Assets.xcassets; sourceTree = "<group>"; };
		D1BF65542331092E000E877E /* Base */ = {isa = PBXFileReference; lastKnownFileType = file.storyboard; name = Base; path = Base.lproj/LaunchScreen.storyboard; sourceTree = "<group>"; };
		D1BF65562331092E000E877E /* Info.plist */ = {isa = PBXFileReference; lastKnownFileType = text.plist.xml; path = Info.plist; sourceTree = "<group>"; };
		D1BF65572331092E000E877E /* main.m */ = {isa = PBXFileReference; lastKnownFileType = sourcecode.c.objc; path = main.m; sourceTree = "<group>"; };
		D1BF655E233109AC000E877E /* BinarySearchTree.h */ = {isa = PBXFileReference; lastKnownFileType = sourcecode.c.h; path = BinarySearchTree.h; sourceTree = "<group>"; };
		D1BF655F233109AC000E877E /* BinarySearchTree.c */ = {isa = PBXFileReference; lastKnownFileType = sourcecode.c.c; path = BinarySearchTree.c; sourceTree = "<group>"; };
/* End PBXFileReference section */

/* Begin PBXFrameworksBuildPhase section */
		D1BF65422331092D000E877E /* Frameworks */ = {
			isa = PBXFrameworksBuildPhase;
			buildActionMask = 2147483647;
			files = (
			);
			runOnlyForDeploymentPostprocessing = 0;
		};
/* End PBXFrameworksBuildPhase section */

/* Begin PBXGroup section */
		376074D525208B9B007C5556 /* MJBinaryTrees */ = {
			isa = PBXGroup;
			children = (
				376074D725208B9B007C5556 /* MJPrinter */,
				376074D625208B9B007C5556 /* MJBinaryTrees.h */,
				376074E025208B9B007C5556 /* MJBinaryTrees.m */,
				376074DF25208B9B007C5556 /* MJBinaryTreeInfo.h */,
				376074E125208B9B007C5556 /* NSString+Trees.m */,
				376074DE25208B9B007C5556 /* NSString+Trees.h */,
			);
			path = MJBinaryTrees;
			sourceTree = "<group>";
		};
		376074D725208B9B007C5556 /* MJPrinter */ = {
			isa = PBXGroup;
			children = (
				376074D825208B9B007C5556 /* MJLevelOrderPrinter.h */,
				376074D925208B9B007C5556 /* MJInorderPrinter.m */,
				376074DA25208B9B007C5556 /* MJPrinter.h */,
				376074DB25208B9B007C5556 /* MJLevelOrderPrinter.m */,
				376074DC25208B9B007C5556 /* MJPrinter.m */,
				376074DD25208B9B007C5556 /* MJInorderPrinter.h */,
			);
			path = MJPrinter;
			sourceTree = "<group>";
		};
		D1BF653C2331092D000E877E = {
			isa = PBXGroup;
			children = (
				D1BF65472331092D000E877E /* 二叉搜索树 */,
				D1BF65462331092D000E877E /* Products */,
			);
			sourceTree = "<group>";
		};
		D1BF65462331092D000E877E /* Products */ = {
			isa = PBXGroup;
			children = (
				D1BF65452331092D000E877E /* 二叉搜索树.app */,
			);
			name = Products;
			sourceTree = "<group>";
		};
		D1BF65472331092D000E877E /* 二叉搜索树 */ = {
			isa = PBXGroup;
			children = (
				D1BF65482331092D000E877E /* AppDelegate.h */,
				D1BF65492331092D000E877E /* AppDelegate.m */,
				D1BF654B2331092D000E877E /* ViewController.h */,
				D1BF654C2331092D000E877E /* ViewController.m */,
				D1BF655E233109AC000E877E /* BinarySearchTree.h */,
				D1BF655F233109AC000E877E /* BinarySearchTree.c */,
				376074D525208B9B007C5556 /* MJBinaryTrees */,
				D1BF654E2331092D000E877E /* Main.storyboard */,
				D1BF65512331092E000E877E /* Assets.xcassets */,
				D1BF65532331092E000E877E /* LaunchScreen.storyboard */,
				D1BF65562331092E000E877E /* Info.plist */,
				D1BF65572331092E000E877E /* main.m */,
			);
			path = "二叉搜索树";
			sourceTree = "<group>";
		};
/* End PBXGroup section */

/* Begin PBXNativeTarget section */
		D1BF65442331092D000E877E /* 二叉搜索树 */ = {
			isa = PBXNativeTarget;
			buildConfigurationList = D1BF655B2331092E000E877E /* Build configuration list for PBXNativeTarget "二叉搜索树" */;
			buildPhases = (
				D1BF65412331092D000E877E /* Sources */,
				D1BF65422331092D000E877E /* Frameworks */,
				D1BF65432331092D000E877E /* Resources */,
			);
			buildRules = (
			);
			dependencies = (
			);
			name = "二叉搜索树";
			productName = "二叉搜索树";
			productReference = D1BF65452331092D000E877E /* 二叉搜索树.app */;
			productType = "com.apple.product-type.application";
		};
/* End PBXNativeTarget section */

/* Begin PBXProject section */
		D1BF653D2331092D000E877E /* Project object */ = {
			isa = PBXProject;
			attributes = {
				LastUpgradeCheck = 1010;
				ORGANIZATIONNAME = 58;
				TargetAttributes = {
					D1BF65442331092D000E877E = {
						CreatedOnToolsVersion = 10.1;
					};
				};
			};
			buildConfigurationList = D1BF65402331092D000E877E /* Build configuration list for PBXProject "二叉搜索树" */;
			compatibilityVersion = "Xcode 9.3";
			developmentRegion = en;
			hasScannedForEncodings = 0;
			knownRegions = (
				en,
				Base,
			);
			mainGroup = D1BF653C2331092D000E877E;
			productRefGroup = D1BF65462331092D000E877E /* Products */;
			projectDirPath = "";
			projectRoot = "";
			targets = (
				D1BF65442331092D000E877E /* 二叉搜索树 */,
			);
		};
/* End PBXProject section */

/* Begin PBXResourcesBuildPhase section */
		D1BF65432331092D000E877E /* Resources */ = {
			isa = PBXResourcesBuildPhase;
			buildActionMask = 2147483647;
			files = (
				D1BF65552331092E000E877E /* LaunchScreen.storyboard in Resources */,
				D1BF65522331092E000E877E /* Assets.xcassets in Resources */,
				D1BF65502331092D000E877E /* Main.storyboard in Resources */,
			);
			runOnlyForDeploymentPostprocessing = 0;
		};
/* End PBXResourcesBuildPhase section */

/* Begin PBXSourcesBuildPhase section */
		D1BF65412331092D000E877E /* Sources */ = {
			isa = PBXSourcesBuildPhase;
			buildActionMask = 2147483647;
			files = (
				D1BF654D2331092D000E877E /* ViewController.m in Sources */,
				376074E525208B9B007C5556 /* MJBinaryTrees.m in Sources */,
				D1BF65582331092E000E877E /* main.m in Sources */,
				D1BF6560233109AC000E877E /* BinarySearchTree.c in Sources */,
				376074E325208B9B007C5556 /* MJLevelOrderPrinter.m in Sources */,
				D1BF654A2331092D000E877E /* AppDelegate.m in Sources */,
				376074E625208B9B007C5556 /* NSString+Trees.m in Sources */,
				376074E225208B9B007C5556 /* MJInorderPrinter.m in Sources */,
				376074E425208B9B007C5556 /* MJPrinter.m in Sources */,
			);
			runOnlyForDeploymentPostprocessing = 0;
		};
/* End PBXSourcesBuildPhase section */

/* Begin PBXVariantGroup section */
		D1BF654E2331092D000E877E /* Main.storyboard */ = {
			isa = PBXVariantGroup;
			children = (
				D1BF654F2331092D000E877E /* Base */,
			);
			name = Main.storyboard;
			sourceTree = "<group>";
		};
		D1BF65532331092E000E877E /* LaunchScreen.storyboard */ = {
			isa = PBXVariantGroup;
			children = (
				D1BF65542331092E000E877E /* Base */,
			);
			name = LaunchScreen.storyboard;
			sourceTree = "<group>";
		};
/* End PBXVariantGroup section */

/* Begin XCBuildConfiguration section */
		D1BF65592331092E000E877E /* Debug */ = {
			isa = XCBuildConfiguration;
			buildSettings = {
				ALWAYS_SEARCH_USER_PATHS = NO;
				CLANG_ANALYZER_NONNULL = YES;
				CLANG_ANALYZER_NUMBER_OBJECT_CONVERSION = YES_AGGRESSIVE;
				CLANG_CXX_LANGUAGE_STANDARD = "gnu++14";
				CLANG_CXX_LIBRARY = "libc++";
				CLANG_ENABLE_MODULES = YES;
				CLANG_ENABLE_OBJC_ARC = YES;
				CLANG_ENABLE_OBJC_WEAK = YES;
				CLANG_WARN_BLOCK_CAPTURE_AUTORELEASING = YES;
				CLANG_WARN_BOOL_CONVERSION = YES;
				CLANG_WARN_COMMA = YES;
				CLANG_WARN_CONSTANT_CONVERSION = YES;
				CLANG_WARN_DEPRECATED_OBJC_IMPLEMENTATIONS = YES;
				CLANG_WARN_DIRECT_OBJC_ISA_USAGE = YES_ERROR;
				CLANG_WARN_DOCUMENTATION_COMMENTS = YES;
				CLANG_WARN_EMPTY_BODY = YES;
				CLANG_WARN_ENUM_CONVERSION = YES;
				CLANG_WARN_INFINITE_RECURSION = YES;
				CLANG_WARN_INT_CONVERSION = YES;
				CLANG_WARN_NON_LITERAL_NULL_CONVERSION = YES;
				CLANG_WARN_OBJC_IMPLICIT_RETAIN_SELF = YES;
				CLANG_WARN_OBJC_LITERAL_CONVERSION = YES;
				CLANG_WARN_OBJC_ROOT_CLASS = YES_ERROR;
				CLANG_WARN_RANGE_LOOP_ANALYSIS = YES;
				CLANG_WARN_STRICT_PROTOTYPES = YES;
				CLANG_WARN_SUSPICIOUS_MOVE = YES;
				CLANG_WARN_UNGUARDED_AVAILABILITY = YES_AGGRESSIVE;
				CLANG_WARN_UNREACHABLE_CODE = YES;
				CLANG_WARN__DUPLICATE_METHOD_MATCH = YES;
				CODE_SIGN_IDENTITY = "iPhone Developer";
				COPY_PHASE_STRIP = NO;
				DEBUG_INFORMATION_FORMAT = dwarf;
				ENABLE_STRICT_OBJC_MSGSEND = YES;
				ENABLE_TESTABILITY = YES;
				GCC_C_LANGUAGE_STANDARD = gnu11;
				GCC_DYNAMIC_NO_PIC = NO;
				GCC_NO_COMMON_BLOCKS = YES;
				GCC_OPTIMIZATION_LEVEL = 0;
				GCC_PREPROCESSOR_DEFINITIONS = (
					"DEBUG=1",
					"$(inherited)",
				);
				GCC_WARN_64_TO_32_BIT_CONVERSION = YES;
				GCC_WARN_ABOUT_RETURN_TYPE = YES_ERROR;
				GCC_WARN_UNDECLARED_SELECTOR = YES;
				GCC_WARN_UNINITIALIZED_AUTOS = YES_AGGRESSIVE;
				GCC_WARN_UNUSED_FUNCTION = YES;
				GCC_WARN_UNUSED_VARIABLE = YES;
				IPHONEOS_DEPLOYMENT_TARGET = 12.1;
				MTL_ENABLE_DEBUG_INFO = INCLUDE_SOURCE;
				MTL_FAST_MATH = YES;
				ONLY_ACTIVE_ARCH = YES;
				SDKROOT = iphoneos;
			};
			name = Debug;
		};
		D1BF655A2331092E000E877E /* Release */ = {
			isa = XCBuildConfiguration;
			buildSettings = {
				ALWAYS_SEARCH_USER_PATHS = NO;
				CLANG_ANALYZER_NONNULL = YES;
				CLANG_ANALYZER_NUMBER_OBJECT_CONVERSION = YES_AGGRESSIVE;
				CLANG_CXX_LANGUAGE_STANDARD = "gnu++14";
				CLANG_CXX_LIBRARY = "libc++";
				CLANG_ENABLE_MODULES = YES;
				CLANG_ENABLE_OBJC_ARC = YES;
				CLANG_ENABLE_OBJC_WEAK = YES;
				CLANG_WARN_BLOCK_CAPTURE_AUTORELEASING = YES;
				CLANG_WARN_BOOL_CONVERSION = YES;
				CLANG_WARN_COMMA = YES;
				CLANG_WARN_CONSTANT_CONVERSION = YES;
				CLANG_WARN_DEPRECATED_OBJC_IMPLEMENTATIONS = YES;
				CLANG_WARN_DIRECT_OBJC_ISA_USAGE = YES_ERROR;
				CLANG_WARN_DOCUMENTATION_COMMENTS = YES;
				CLANG_WARN_EMPTY_BODY = YES;
				CLANG_WARN_ENUM_CONVERSION = YES;
				CLANG_WARN_INFINITE_RECURSION = YES;
				CLANG_WARN_INT_CONVERSION = YES;
				CLANG_WARN_NON_LITERAL_NULL_CONVERSION = YES;
				CLANG_WARN_OBJC_IMPLICIT_RETAIN_SELF = YES;
				CLANG_WARN_OBJC_LITERAL_CONVERSION = YES;
				CLANG_WARN_OBJC_ROOT_CLASS = YES_ERROR;
				CLANG_WARN_RANGE_LOOP_ANALYSIS = YES;
				CLANG_WARN_STRICT_PROTOTYPES = YES;
				CLANG_WARN_SUSPICIOUS_MOVE = YES;
				CLANG_WARN_UNGUARDED_AVAILABILITY = YES_AGGRESSIVE;
				CLANG_WARN_UNREACHABLE_CODE = YES;
				CLANG_WARN__DUPLICATE_METHOD_MATCH = YES;
				CODE_SIGN_IDENTITY = "iPhone Developer";
				COPY_PHASE_STRIP = NO;
				DEBUG_INFORMATION_FORMAT = "dwarf-with-dsym";
				ENABLE_NS_ASSERTIONS = NO;
				ENABLE_STRICT_OBJC_MSGSEND = YES;
				GCC_C_LANGUAGE_STANDARD = gnu11;
				GCC_NO_COMMON_BLOCKS = YES;
				GCC_WARN_64_TO_32_BIT_CONVERSION = YES;
				GCC_WARN_ABOUT_RETURN_TYPE = YES_ERROR;
				GCC_WARN_UNDECLARED_SELECTOR = YES;
				GCC_WARN_UNINITIALIZED_AUTOS = YES_AGGRESSIVE;
				GCC_WARN_UNUSED_FUNCTION = YES;
				GCC_WARN_UNUSED_VARIABLE = YES;
				IPHONEOS_DEPLOYMENT_TARGET = 12.1;
				MTL_ENABLE_DEBUG_INFO = NO;
				MTL_FAST_MATH = YES;
				SDKROOT = iphoneos;
				VALIDATE_PRODUCT = YES;
			};
			name = Release;
		};
		D1BF655C2331092E000E877E /* Debug */ = {
			isa = XCBuildConfiguration;
			buildSettings = {
				ASSETCATALOG_COMPILER_APPICON_NAME = AppIcon;
				CODE_SIGN_STYLE = Automatic;
				INFOPLIST_FILE = "二叉搜索树/Info.plist";
				LD_RUNPATH_SEARCH_PATHS = (
					"$(inherited)",
					"@executable_path/Frameworks",
				);
				PRODUCT_BUNDLE_IDENTIFIER = "AlbertWang.-----";
				PRODUCT_NAME = "$(TARGET_NAME)";
				TARGETED_DEVICE_FAMILY = "1,2";
			};
			name = Debug;
		};
		D1BF655D2331092E000E877E /* Release */ = {
			isa = XCBuildConfiguration;
			buildSettings = {
				ASSETCATALOG_COMPILER_APPICON_NAME = AppIcon;
				CODE_SIGN_STYLE = Automatic;
				INFOPLIST_FILE = "二叉搜索树/Info.plist";
				LD_RUNPATH_SEARCH_PATHS = (
					"$(inherited)",
					"@executable_path/Frameworks",
				);
				PRODUCT_BUNDLE_IDENTIFIER = "AlbertWang.-----";
				PRODUCT_NAME = "$(TARGET_NAME)";
				TARGETED_DEVICE_FAMILY = "1,2";
			};
			name = Release;
		};
/* End XCBuildConfiguration section */

/* Begin XCConfigurationList section */
		D1BF65402331092D000E877E /* Build configuration list for PBXProject "二叉搜索树" */ = {
			isa = XCConfigurationList;
			buildConfigurations = (
				D1BF65592331092E000E877E /* Debug */,
				D1BF655A2331092E000E877E /* Release */,
			);
			defaultConfigurationIsVisible = 0;
			defaultConfigurationName = Release;
		};
		D1BF655B2331092E000E877E /* Build configuration list for PBXNativeTarget "二叉搜索树" */ = {
			isa = XCConfigurationList;
			buildConfigurations = (
				D1BF655C2331092E000E877E /* Debug */,
				D1BF655D2331092E000E877E /* Release */,
			);
			defaultConfigurationIsVisible = 0;
			defaultConfigurationName = Release;
		};
/* End XCConfigurationList section */
	};
	rootObject = D1BF653D2331092D000E877E /* Project object */;
}
