// !$*UTF8*$!
{
	archiveVersion = 1;
	classes = {
	};
	objectVersion = 50;
	objects = {

/* Begin PBXBuildFile section */
		37169A5925B9587C00B2E9F1 /* main.cpp in Sources */ = {isa = PBXBuildFile; fileRef = 37169A5825B9587C00B2E9F1 /* main.cpp */; };
		37AB02E725B99DD500B60A89 /* LRU_Cache_CPP.cpp in Sources */ = {isa = PBXBuildFile; fileRef = 37AB02E525B99DD400B60A89 /* LRU_Cache_CPP.cpp */; };
		37AB02EB25B99EBA00B60A89 /* Sort.cpp in Sources */ = {isa = PBXBuildFile; fileRef = 37AB02E925B99EBA00B60A89 /* Sort.cpp */; };
		37AB02EF25B9A7D700B60A89 /* ReverseLink.cpp in Sources */ = {isa = PBXBuildFile; fileRef = 37AB02ED25B9A7D700B60A89 /* ReverseLink.cpp */; };
		37AB02F725B9AECB00B60A89 /* BiniaryTree.cpp in Sources */ = {isa = PBXBuildFile; fileRef = 37AB02F525B9AECB00B60A89 /* BiniaryTree.cpp */; };
/* End PBXBuildFile section */

/* Begin PBXCopyFilesBuildPhase section */
		37169A5325B9587C00B2E9F1 /* CopyFiles */ = {
			isa = PBXCopyFilesBuildPhase;
			buildActionMask = 2147483647;
			dstPath = /usr/share/man/man1/;
			dstSubfolderSpec = 0;
			files = (
			);
			runOnlyForDeploymentPostprocessing = 1;
		};
/* End PBXCopyFilesBuildPhase section */

/* Begin PBXFileReference section */
		37169A5525B9587C00B2E9F1 /* C++ Algorithm */ = {isa = PBXFileReference; explicitFileType = "compiled.mach-o.executable"; includeInIndex = 0; path = "C++ Algorithm"; sourceTree = BUILT_PRODUCTS_DIR; };
		37169A5825B9587C00B2E9F1 /* main.cpp */ = {isa = PBXFileReference; lastKnownFileType = sourcecode.cpp.cpp; path = main.cpp; sourceTree = "<group>"; };
		37AB02E525B99DD400B60A89 /* LRU_Cache_CPP.cpp */ = {isa = PBXFileReference; fileEncoding = 4; lastKnownFileType = sourcecode.cpp.cpp; path = LRU_Cache_CPP.cpp; sourceTree = "<group>"; };
		37AB02E625B99DD400B60A89 /* LRU_Cache_CPP.hpp */ = {isa = PBXFileReference; fileEncoding = 4; lastKnownFileType = sourcecode.cpp.h; path = LRU_Cache_CPP.hpp; sourceTree = "<group>"; };
		37AB02E925B99EBA00B60A89 /* Sort.cpp */ = {isa = PBXFileReference; lastKnownFileType = sourcecode.cpp.cpp; path = Sort.cpp; sourceTree = "<group>"; };
		37AB02EA25B99EBA00B60A89 /* Sort.hpp */ = {isa = PBXFileReference; lastKnownFileType = sourcecode.cpp.h; path = Sort.hpp; sourceTree = "<group>"; };
		37AB02ED25B9A7D700B60A89 /* ReverseLink.cpp */ = {isa = PBXFileReference; lastKnownFileType = sourcecode.cpp.cpp; path = ReverseLink.cpp; sourceTree = "<group>"; };
		37AB02EE25B9A7D700B60A89 /* ReverseLink.hpp */ = {isa = PBXFileReference; lastKnownFileType = sourcecode.cpp.h; path = ReverseLink.hpp; sourceTree = "<group>"; };
		37AB02F525B9AECB00B60A89 /* BiniaryTree.cpp */ = {isa = PBXFileReference; lastKnownFileType = sourcecode.cpp.cpp; path = BiniaryTree.cpp; sourceTree = "<group>"; };
		37AB02F625B9AECB00B60A89 /* BiniaryTree.hpp */ = {isa = PBXFileReference; lastKnownFileType = sourcecode.cpp.h; path = BiniaryTree.hpp; sourceTree = "<group>"; };
/* End PBXFileReference section */

/* Begin PBXFrameworksBuildPhase section */
		37169A5225B9587C00B2E9F1 /* Frameworks */ = {
			isa = PBXFrameworksBuildPhase;
			buildActionMask = 2147483647;
			files = (
			);
			runOnlyForDeploymentPostprocessing = 0;
		};
/* End PBXFrameworksBuildPhase section */

/* Begin PBXGroup section */
		37169A4C25B9587C00B2E9F1 = {
			isa = PBXGroup;
			children = (
				37169A5725B9587C00B2E9F1 /* C++ Algorithm */,
				37169A5625B9587C00B2E9F1 /* Products */,
			);
			sourceTree = "<group>";
		};
		37169A5625B9587C00B2E9F1 /* Products */ = {
			isa = PBXGroup;
			children = (
				37169A5525B9587C00B2E9F1 /* C++ Algorithm */,
			);
			name = Products;
			sourceTree = "<group>";
		};
		37169A5725B9587C00B2E9F1 /* C++ Algorithm */ = {
			isa = PBXGroup;
			children = (
				37169A5825B9587C00B2E9F1 /* main.cpp */,
				37AB02E425B99DD400B60A89 /* C++ */,
			);
			path = "C++ Algorithm";
			sourceTree = "<group>";
		};
		37AB02E425B99DD400B60A89 /* C++ */ = {
			isa = PBXGroup;
			children = (
				37AB02E525B99DD400B60A89 /* LRU_Cache_CPP.cpp */,
				37AB02E625B99DD400B60A89 /* LRU_Cache_CPP.hpp */,
				37AB02E925B99EBA00B60A89 /* Sort.cpp */,
				37AB02EA25B99EBA00B60A89 /* Sort.hpp */,
				37AB02ED25B9A7D700B60A89 /* ReverseLink.cpp */,
				37AB02EE25B9A7D700B60A89 /* ReverseLink.hpp */,
				37AB02F525B9AECB00B60A89 /* BiniaryTree.cpp */,
				37AB02F625B9AECB00B60A89 /* BiniaryTree.hpp */,
			);
			path = "C++";
			sourceTree = "<group>";
		};
/* End PBXGroup section */

/* Begin PBXNativeTarget section */
		37169A5425B9587C00B2E9F1 /* C++ Algorithm */ = {
			isa = PBXNativeTarget;
			buildConfigurationList = 37169A5C25B9587C00B2E9F1 /* Build configuration list for PBXNativeTarget "C++ Algorithm" */;
			buildPhases = (
				37169A5125B9587C00B2E9F1 /* Sources */,
				37169A5225B9587C00B2E9F1 /* Frameworks */,
				37169A5325B9587C00B2E9F1 /* CopyFiles */,
			);
			buildRules = (
			);
			dependencies = (
			);
			name = "C++ Algorithm";
			productName = "C++ Algorithm";
			productReference = 37169A5525B9587C00B2E9F1 /* C++ Algorithm */;
			productType = "com.apple.product-type.tool";
		};
/* End PBXNativeTarget section */

/* Begin PBXProject section */
		37169A4D25B9587C00B2E9F1 /* Project object */ = {
			isa = PBXProject;
			attributes = {
				LastUpgradeCheck = 1200;
				TargetAttributes = {
					37169A5425B9587C00B2E9F1 = {
						CreatedOnToolsVersion = 12.0.1;
					};
				};
			};
			buildConfigurationList = 37169A5025B9587C00B2E9F1 /* Build configuration list for PBXProject "C++ Algorithm" */;
			compatibilityVersion = "Xcode 9.3";
			developmentRegion = en;
			hasScannedForEncodings = 0;
			knownRegions = (
				en,
				Base,
			);
			mainGroup = 37169A4C25B9587C00B2E9F1;
			productRefGroup = 37169A5625B9587C00B2E9F1 /* Products */;
			projectDirPath = "";
			projectRoot = "";
			targets = (
				37169A5425B9587C00B2E9F1 /* C++ Algorithm */,
			);
		};
/* End PBXProject section */

/* Begin PBXSourcesBuildPhase section */
		37169A5125B9587C00B2E9F1 /* Sources */ = {
			isa = PBXSourcesBuildPhase;
			buildActionMask = 2147483647;
			files = (
				37AB02F725B9AECB00B60A89 /* BiniaryTree.cpp in Sources */,
				37AB02EB25B99EBA00B60A89 /* Sort.cpp in Sources */,
				37AB02E725B99DD500B60A89 /* LRU_Cache_CPP.cpp in Sources */,
				37AB02EF25B9A7D700B60A89 /* ReverseLink.cpp in Sources */,
				37169A5925B9587C00B2E9F1 /* main.cpp in Sources */,
			);
			runOnlyForDeploymentPostprocessing = 0;
		};
/* End PBXSourcesBuildPhase section */

/* Begin XCBuildConfiguration section */
		37169A5A25B9587C00B2E9F1 /* Debug */ = {
			isa = XCBuildConfiguration;
			buildSettings = {
				ALWAYS_SEARCH_USER_PATHS = NO;
				CLANG_ANALYZER_NONNULL = YES;
				CLANG_ANALYZER_NUMBER_OBJECT_CONVERSION = YES_AGGRESSIVE;
				CLANG_CXX_LANGUAGE_STANDARD = "gnu++14";
				CLANG_CXX_LIBRARY = "libc++";
				CLANG_ENABLE_MODULES = YES;
				CLANG_ENABLE_OBJC_ARC = YES;
				CLANG_ENABLE_OBJC_WEAK = YES;
				CLANG_WARN_BLOCK_CAPTURE_AUTORELEASING = YES;
				CLANG_WARN_BOOL_CONVERSION = YES;
				CLANG_WARN_COMMA = YES;
				CLANG_WARN_CONSTANT_CONVERSION = YES;
				CLANG_WARN_DEPRECATED_OBJC_IMPLEMENTATIONS = YES;
				CLANG_WARN_DIRECT_OBJC_ISA_USAGE = YES_ERROR;
				CLANG_WARN_DOCUMENTATION_COMMENTS = YES;
				CLANG_WARN_EMPTY_BODY = YES;
				CLANG_WARN_ENUM_CONVERSION = YES;
				CLANG_WARN_INFINITE_RECURSION = YES;
				CLANG_WARN_INT_CONVERSION = YES;
				CLANG_WARN_NON_LITERAL_NULL_CONVERSION = YES;
				CLANG_WARN_OBJC_IMPLICIT_RETAIN_SELF = YES;
				CLANG_WARN_OBJC_LITERAL_CONVERSION = YES;
				CLANG_WARN_OBJC_ROOT_CLASS = YES_ERROR;
				CLANG_WARN_QUOTED_INCLUDE_IN_FRAMEWORK_HEADER = YES;
				CLANG_WARN_RANGE_LOOP_ANALYSIS = YES;
				CLANG_WARN_STRICT_PROTOTYPES = YES;
				CLANG_WARN_SUSPICIOUS_MOVE = YES;
				CLANG_WARN_UNGUARDED_AVAILABILITY = YES_AGGRESSIVE;
				CLANG_WARN_UNREACHABLE_CODE = YES;
				CLANG_WARN__DUPLICATE_METHOD_MATCH = YES;
				COPY_PHASE_STRIP = NO;
				DEBUG_INFORMATION_FORMAT = dwarf;
				ENABLE_STRICT_OBJC_MSGSEND = YES;
				ENABLE_TESTABILITY = YES;
				GCC_C_LANGUAGE_STANDARD = gnu11;
				GCC_DYNAMIC_NO_PIC = NO;
				GCC_NO_COMMON_BLOCKS = YES;
				GCC_OPTIMIZATION_LEVEL = 0;
				GCC_PREPROCESSOR_DEFINITIONS = (
					"DEBUG=1",
					"$(inherited)",
				);
				GCC_WARN_64_TO_32_BIT_CONVERSION = YES;
				GCC_WARN_ABOUT_RETURN_TYPE = YES_ERROR;
				GCC_WARN_UNDECLARED_SELECTOR = YES;
				GCC_WARN_UNINITIALIZED_AUTOS = YES_AGGRESSIVE;
				GCC_WARN_UNUSED_FUNCTION = YES;
				GCC_WARN_UNUSED_VARIABLE = YES;
				MACOSX_DEPLOYMENT_TARGET = 10.15;
				MTL_ENABLE_DEBUG_INFO = INCLUDE_SOURCE;
				MTL_FAST_MATH = YES;
				ONLY_ACTIVE_ARCH = YES;
				SDKROOT = macosx;
			};
			name = Debug;
		};
		37169A5B25B9587C00B2E9F1 /* Release */ = {
			isa = XCBuildConfiguration;
			buildSettings = {
				ALWAYS_SEARCH_USER_PATHS = NO;
				CLANG_ANALYZER_NONNULL = YES;
				CLANG_ANALYZER_NUMBER_OBJECT_CONVERSION = YES_AGGRESSIVE;
				CLANG_CXX_LANGUAGE_STANDARD = "gnu++14";
				CLANG_CXX_LIBRARY = "libc++";
				CLANG_ENABLE_MODULES = YES;
				CLANG_ENABLE_OBJC_ARC = YES;
				CLANG_ENABLE_OBJC_WEAK = YES;
				CLANG_WARN_BLOCK_CAPTURE_AUTORELEASING = YES;
				CLANG_WARN_BOOL_CONVERSION = YES;
				CLANG_WARN_COMMA = YES;
				CLANG_WARN_CONSTANT_CONVERSION = YES;
				CLANG_WARN_DEPRECATED_OBJC_IMPLEMENTATIONS = YES;
				CLANG_WARN_DIRECT_OBJC_ISA_USAGE = YES_ERROR;
				CLANG_WARN_DOCUMENTATION_COMMENTS = YES;
				CLANG_WARN_EMPTY_BODY = YES;
				CLANG_WARN_ENUM_CONVERSION = YES;
				CLANG_WARN_INFINITE_RECURSION = YES;
				CLANG_WARN_INT_CONVERSION = YES;
				CLANG_WARN_NON_LITERAL_NULL_CONVERSION = YES;
				CLANG_WARN_OBJC_IMPLICIT_RETAIN_SELF = YES;
				CLANG_WARN_OBJC_LITERAL_CONVERSION = YES;
				CLANG_WARN_OBJC_ROOT_CLASS = YES_ERROR;
				CLANG_WARN_QUOTED_INCLUDE_IN_FRAMEWORK_HEADER = YES;
				CLANG_WARN_RANGE_LOOP_ANALYSIS = YES;
				CLANG_WARN_STRICT_PROTOTYPES = YES;
				CLANG_WARN_SUSPICIOUS_MOVE = YES;
				CLANG_WARN_UNGUARDED_AVAILABILITY = YES_AGGRESSIVE;
				CLANG_WARN_UNREACHABLE_CODE = YES;
				CLANG_WARN__DUPLICATE_METHOD_MATCH = YES;
				COPY_PHASE_STRIP = NO;
				DEBUG_INFORMATION_FORMAT = "dwarf-with-dsym";
				ENABLE_NS_ASSERTIONS = NO;
				ENABLE_STRICT_OBJC_MSGSEND = YES;
				GCC_C_LANGUAGE_STANDARD = gnu11;
				GCC_NO_COMMON_BLOCKS = YES;
				GCC_WARN_64_TO_32_BIT_CONVERSION = YES;
				GCC_WARN_ABOUT_RETURN_TYPE = YES_ERROR;
				GCC_WARN_UNDECLARED_SELECTOR = YES;
				GCC_WARN_UNINITIALIZED_AUTOS = YES_AGGRESSIVE;
				GCC_WARN_UNUSED_FUNCTION = YES;
				GCC_WARN_UNUSED_VARIABLE = YES;
				MACOSX_DEPLOYMENT_TARGET = 10.15;
				MTL_ENABLE_DEBUG_INFO = NO;
				MTL_FAST_MATH = YES;
				SDKROOT = macosx;
			};
			name = Release;
		};
		37169A5D25B9587C00B2E9F1 /* Debug */ = {
			isa = XCBuildConfiguration;
			buildSettings = {
				CODE_SIGN_STYLE = Automatic;
				DEVELOPMENT_TEAM = 75BF75R4NH;
				ENABLE_HARDENED_RUNTIME = YES;
				PRODUCT_NAME = "$(TARGET_NAME)";
			};
			name = Debug;
		};
		37169A5E25B9587C00B2E9F1 /* Release */ = {
			isa = XCBuildConfiguration;
			buildSettings = {
				CODE_SIGN_STYLE = Automatic;
				DEVELOPMENT_TEAM = 75BF75R4NH;
				ENABLE_HARDENED_RUNTIME = YES;
				PRODUCT_NAME = "$(TARGET_NAME)";
			};
			name = Release;
		};
/* End XCBuildConfiguration section */

/* Begin XCConfigurationList section */
		37169A5025B9587C00B2E9F1 /* Build configuration list for PBXProject "C++ Algorithm" */ = {
			isa = XCConfigurationList;
			buildConfigurations = (
				37169A5A25B9587C00B2E9F1 /* Debug */,
				37169A5B25B9587C00B2E9F1 /* Release */,
			);
			defaultConfigurationIsVisible = 0;
			defaultConfigurationName = Release;
		};
		37169A5C25B9587C00B2E9F1 /* Build configuration list for PBXNativeTarget "C++ Algorithm" */ = {
			isa = XCConfigurationList;
			buildConfigurations = (
				37169A5D25B9587C00B2E9F1 /* Debug */,
				37169A5E25B9587C00B2E9F1 /* Release */,
			);
			defaultConfigurationIsVisible = 0;
			defaultConfigurationName = Release;
		};
/* End XCConfigurationList section */
	};
	rootObject = 37169A4D25B9587C00B2E9F1 /* Project object */;
}
